// !$*UTF8*$!
{
	archiveVersion = 1;
	classes = {
	};
	objectVersion = 48;
	objects = {

/* Begin PBXBuildFile section */
		E18CFA27205A71760003E39A /* AppDelegate.swift in Sources */ = {isa = PBXBuildFile; fileRef = E18CFA26205A71760003E39A /* AppDelegate.swift */; };
		E18CFA2C205A71760003E39A /* Main.storyboard in Resources */ = {isa = PBXBuildFile; fileRef = E18CFA2A205A71760003E39A /* Main.storyboard */; };
		E18CFA2E205A71760003E39A /* Assets.xcassets in Resources */ = {isa = PBXBuildFile; fileRef = E18CFA2D205A71760003E39A /* Assets.xcassets */; };
		E18CFA31205A71760003E39A /* LaunchScreen.storyboard in Resources */ = {isa = PBXBuildFile; fileRef = E18CFA2F205A71760003E39A /* LaunchScreen.storyboard */; };
		E18CFA3F205A75810003E39A /* TRCommon.swift in Sources */ = {isa = PBXBuildFile; fileRef = E18CFA39205A75810003E39A /* TRCommon.swift */; };
		E18CFA40205A75810003E39A /* TRCache.swift in Sources */ = {isa = PBXBuildFile; fileRef = E18CFA3A205A75810003E39A /* TRCache.swift */; };
		E18CFA41205A75810003E39A /* TRSessionDelegate.swift in Sources */ = {isa = PBXBuildFile; fileRef = E18CFA3B205A75810003E39A /* TRSessionDelegate.swift */; };
		E18CFA42205A75810003E39A /* TRManager.swift in Sources */ = {isa = PBXBuildFile; fileRef = E18CFA3C205A75810003E39A /* TRManager.swift */; };
		E18CFA43205A75810003E39A /* TRDownloadTask.swift in Sources */ = {isa = PBXBuildFile; fileRef = E18CFA3D205A75810003E39A /* TRDownloadTask.swift */; };
		E18CFA44205A75810003E39A /* TRTask.swift in Sources */ = {isa = PBXBuildFile; fileRef = E18CFA3E205A75810003E39A /* TRTask.swift */; };
		E18CFA48205AA54A0003E39A /* ViewController1.swift in Sources */ = {isa = PBXBuildFile; fileRef = E18CFA45205AA54A0003E39A /* ViewController1.swift */; };
		E18CFA49205AA54A0003E39A /* ViewController3.swift in Sources */ = {isa = PBXBuildFile; fileRef = E18CFA46205AA54A0003E39A /* ViewController3.swift */; };
		E18CFA4A205AA54A0003E39A /* ViewController2.swift in Sources */ = {isa = PBXBuildFile; fileRef = E18CFA47205AA54A0003E39A /* ViewController2.swift */; };
		E18CFA4F205AA5570003E39A /* DownloadTaskCell.swift in Sources */ = {isa = PBXBuildFile; fileRef = E18CFA4B205AA5560003E39A /* DownloadTaskCell.swift */; };
		E18CFA50205AA5570003E39A /* DownloadViewController.swift in Sources */ = {isa = PBXBuildFile; fileRef = E18CFA4C205AA5560003E39A /* DownloadViewController.swift */; };
		E18CFA51205AA5570003E39A /* DownloadTaskCell.xib in Resources */ = {isa = PBXBuildFile; fileRef = E18CFA4D205AA5570003E39A /* DownloadTaskCell.xib */; };
		E18CFA55205AA55E0003E39A /* ListViewController.swift in Sources */ = {isa = PBXBuildFile; fileRef = E18CFA53205AA55E0003E39A /* ListViewController.swift */; };
		E18CFA56205AA55E0003E39A /* ListViewCell.swift in Sources */ = {isa = PBXBuildFile; fileRef = E18CFA54205AA55E0003E39A /* ListViewCell.swift */; };
		E18D63F520608FC000E4BE40 /* BaseViewController.swift in Sources */ = {isa = PBXBuildFile; fileRef = E18D63F420608FC000E4BE40 /* BaseViewController.swift */; };
/* End PBXBuildFile section */

/* Begin PBXFileReference section */
		E18CFA23205A71760003E39A /* Example.app */ = {isa = PBXFileReference; explicitFileType = wrapper.application; includeInIndex = 0; path = Example.app; sourceTree = BUILT_PRODUCTS_DIR; };
		E18CFA26205A71760003E39A /* AppDelegate.swift */ = {isa = PBXFileReference; lastKnownFileType = sourcecode.swift; path = AppDelegate.swift; sourceTree = "<group>"; };
		E18CFA2B205A71760003E39A /* Base */ = {isa = PBXFileReference; lastKnownFileType = file.storyboard; name = Base; path = Base.lproj/Main.storyboard; sourceTree = "<group>"; };
		E18CFA2D205A71760003E39A /* Assets.xcassets */ = {isa = PBXFileReference; lastKnownFileType = folder.assetcatalog; path = Assets.xcassets; sourceTree = "<group>"; };
		E18CFA30205A71760003E39A /* Base */ = {isa = PBXFileReference; lastKnownFileType = file.storyboard; name = Base; path = Base.lproj/LaunchScreen.storyboard; sourceTree = "<group>"; };
		E18CFA32205A71760003E39A /* Info.plist */ = {isa = PBXFileReference; lastKnownFileType = text.plist.xml; path = Info.plist; sourceTree = "<group>"; };
		E18CFA39205A75810003E39A /* TRCommon.swift */ = {isa = PBXFileReference; fileEncoding = 4; lastKnownFileType = sourcecode.swift; path = TRCommon.swift; sourceTree = "<group>"; };
		E18CFA3A205A75810003E39A /* TRCache.swift */ = {isa = PBXFileReference; fileEncoding = 4; lastKnownFileType = sourcecode.swift; path = TRCache.swift; sourceTree = "<group>"; };
		E18CFA3B205A75810003E39A /* TRSessionDelegate.swift */ = {isa = PBXFileReference; fileEncoding = 4; lastKnownFileType = sourcecode.swift; path = TRSessionDelegate.swift; sourceTree = "<group>"; };
		E18CFA3C205A75810003E39A /* TRManager.swift */ = {isa = PBXFileReference; fileEncoding = 4; lastKnownFileType = sourcecode.swift; path = TRManager.swift; sourceTree = "<group>"; };
		E18CFA3D205A75810003E39A /* TRDownloadTask.swift */ = {isa = PBXFileReference; fileEncoding = 4; lastKnownFileType = sourcecode.swift; path = TRDownloadTask.swift; sourceTree = "<group>"; };
		E18CFA3E205A75810003E39A /* TRTask.swift */ = {isa = PBXFileReference; fileEncoding = 4; lastKnownFileType = sourcecode.swift; path = TRTask.swift; sourceTree = "<group>"; };
		E18CFA45205AA54A0003E39A /* ViewController1.swift */ = {isa = PBXFileReference; fileEncoding = 4; lastKnownFileType = sourcecode.swift; path = ViewController1.swift; sourceTree = "<group>"; };
		E18CFA46205AA54A0003E39A /* ViewController3.swift */ = {isa = PBXFileReference; fileEncoding = 4; lastKnownFileType = sourcecode.swift; path = ViewController3.swift; sourceTree = "<group>"; };
		E18CFA47205AA54A0003E39A /* ViewController2.swift */ = {isa = PBXFileReference; fileEncoding = 4; lastKnownFileType = sourcecode.swift; path = ViewController2.swift; sourceTree = "<group>"; };
		E18CFA4B205AA5560003E39A /* DownloadTaskCell.swift */ = {isa = PBXFileReference; fileEncoding = 4; lastKnownFileType = sourcecode.swift; path = DownloadTaskCell.swift; sourceTree = "<group>"; };
		E18CFA4C205AA5560003E39A /* DownloadViewController.swift */ = {isa = PBXFileReference; fileEncoding = 4; lastKnownFileType = sourcecode.swift; path = DownloadViewController.swift; sourceTree = "<group>"; };
		E18CFA4D205AA5570003E39A /* DownloadTaskCell.xib */ = {isa = PBXFileReference; fileEncoding = 4; lastKnownFileType = file.xib; path = DownloadTaskCell.xib; sourceTree = "<group>"; };
		E18CFA53205AA55E0003E39A /* ListViewController.swift */ = {isa = PBXFileReference; fileEncoding = 4; lastKnownFileType = sourcecode.swift; path = ListViewController.swift; sourceTree = "<group>"; };
		E18CFA54205AA55E0003E39A /* ListViewCell.swift */ = {isa = PBXFileReference; fileEncoding = 4; lastKnownFileType = sourcecode.swift; path = ListViewCell.swift; sourceTree = "<group>"; };
		E18D63F420608FC000E4BE40 /* BaseViewController.swift */ = {isa = PBXFileReference; lastKnownFileType = sourcecode.swift; path = BaseViewController.swift; sourceTree = "<group>"; };
/* End PBXFileReference section */

/* Begin PBXFrameworksBuildPhase section */
		E18CFA20205A71760003E39A /* Frameworks */ = {
			isa = PBXFrameworksBuildPhase;
			buildActionMask = 2147483647;
			files = (
			);
			runOnlyForDeploymentPostprocessing = 0;
		};
/* End PBXFrameworksBuildPhase section */

/* Begin PBXGroup section */
		E18CFA1A205A71760003E39A = {
			isa = PBXGroup;
			children = (
				E18CFA38205A75810003E39A /* Sources */,
				E18CFA25205A71760003E39A /* Example */,
				E18CFA24205A71760003E39A /* Products */,
			);
			sourceTree = "<group>";
		};
		E18CFA24205A71760003E39A /* Products */ = {
			isa = PBXGroup;
			children = (
				E18CFA23205A71760003E39A /* Example.app */,
			);
			name = Products;
			sourceTree = "<group>";
		};
		E18CFA25205A71760003E39A /* Example */ = {
			isa = PBXGroup;
			children = (
				E18CFA26205A71760003E39A /* AppDelegate.swift */,
				E18D63F420608FC000E4BE40 /* BaseViewController.swift */,
				E18CFA45205AA54A0003E39A /* ViewController1.swift */,
				E18CFA47205AA54A0003E39A /* ViewController2.swift */,
				E18CFA46205AA54A0003E39A /* ViewController3.swift */,
				E18CFA53205AA55E0003E39A /* ListViewController.swift */,
				E18CFA4C205AA5560003E39A /* DownloadViewController.swift */,
				E18CFA54205AA55E0003E39A /* ListViewCell.swift */,
				E18CFA4B205AA5560003E39A /* DownloadTaskCell.swift */,
				E18CFA4D205AA5570003E39A /* DownloadTaskCell.xib */,
				E18CFA2A205A71760003E39A /* Main.storyboard */,
				E18CFA2D205A71760003E39A /* Assets.xcassets */,
				E18CFA2F205A71760003E39A /* LaunchScreen.storyboard */,
				E18CFA32205A71760003E39A /* Info.plist */,
			);
			path = Example;
			sourceTree = "<group>";
		};
		E18CFA38205A75810003E39A /* Sources */ = {
			isa = PBXGroup;
			children = (
				E18CFA39205A75810003E39A /* TRCommon.swift */,
				E18CFA3A205A75810003E39A /* TRCache.swift */,
				E18CFA3B205A75810003E39A /* TRSessionDelegate.swift */,
				E18CFA3E205A75810003E39A /* TRTask.swift */,
				E18CFA3D205A75810003E39A /* TRDownloadTask.swift */,
				E18CFA3C205A75810003E39A /* TRManager.swift */,
			);
			name = Sources;
			path = ../Sources;
			sourceTree = "<group>";
		};
/* End PBXGroup section */

/* Begin PBXNativeTarget section */
		E18CFA22205A71760003E39A /* Example */ = {
			isa = PBXNativeTarget;
			buildConfigurationList = E18CFA35205A71760003E39A /* Build configuration list for PBXNativeTarget "Example" */;
			buildPhases = (
				E18CFA1F205A71760003E39A /* Sources */,
				E18CFA20205A71760003E39A /* Frameworks */,
				E18CFA21205A71760003E39A /* Resources */,
			);
			buildRules = (
			);
			dependencies = (
			);
			name = Example;
			productName = Example;
			productReference = E18CFA23205A71760003E39A /* Example.app */;
			productType = "com.apple.product-type.application";
		};
/* End PBXNativeTarget section */

/* Begin PBXProject section */
		E18CFA1B205A71760003E39A /* Project object */ = {
			isa = PBXProject;
			attributes = {
				LastSwiftUpdateCheck = 0920;
				LastUpgradeCheck = 0920;
				ORGANIZATIONNAME = Daniels;
				TargetAttributes = {
					E18CFA22205A71760003E39A = {
						CreatedOnToolsVersion = 9.2;
						ProvisioningStyle = Automatic;
						SystemCapabilities = {
							com.apple.BackgroundModes = {
								enabled = 0;
							};
						};
					};
				};
			};
			buildConfigurationList = E18CFA1E205A71760003E39A /* Build configuration list for PBXProject "Example" */;
			compatibilityVersion = "Xcode 8.0";
			developmentRegion = en;
			hasScannedForEncodings = 0;
			knownRegions = (
				en,
				Base,
			);
			mainGroup = E18CFA1A205A71760003E39A;
			productRefGroup = E18CFA24205A71760003E39A /* Products */;
			projectDirPath = "";
			projectRoot = "";
			targets = (
				E18CFA22205A71760003E39A /* Example */,
			);
		};
/* End PBXProject section */

/* Begin PBXResourcesBuildPhase section */
		E18CFA21205A71760003E39A /* Resources */ = {
			isa = PBXResourcesBuildPhase;
			buildActionMask = 2147483647;
			files = (
				E18CFA51205AA5570003E39A /* DownloadTaskCell.xib in Resources */,
				E18CFA31205A71760003E39A /* LaunchScreen.storyboard in Resources */,
				E18CFA2E205A71760003E39A /* Assets.xcassets in Resources */,
				E18CFA2C205A71760003E39A /* Main.storyboard in Resources */,
			);
			runOnlyForDeploymentPostprocessing = 0;
		};
/* End PBXResourcesBuildPhase section */

/* Begin PBXSourcesBuildPhase section */
		E18CFA1F205A71760003E39A /* Sources */ = {
			isa = PBXSourcesBuildPhase;
			buildActionMask = 2147483647;
			files = (
				E18CFA48205AA54A0003E39A /* ViewController1.swift in Sources */,
				E18CFA41205A75810003E39A /* TRSessionDelegate.swift in Sources */,
				E18CFA49205AA54A0003E39A /* ViewController3.swift in Sources */,
				E18CFA40205A75810003E39A /* TRCache.swift in Sources */,
				E18CFA44205A75810003E39A /* TRTask.swift in Sources */,
				E18D63F520608FC000E4BE40 /* BaseViewController.swift in Sources */,
				E18CFA4A205AA54A0003E39A /* ViewController2.swift in Sources */,
				E18CFA55205AA55E0003E39A /* ListViewController.swift in Sources */,
				E18CFA56205AA55E0003E39A /* ListViewCell.swift in Sources */,
				E18CFA43205A75810003E39A /* TRDownloadTask.swift in Sources */,
				E18CFA27205A71760003E39A /* AppDelegate.swift in Sources */,
				E18CFA42205A75810003E39A /* TRManager.swift in Sources */,
				E18CFA3F205A75810003E39A /* TRCommon.swift in Sources */,
				E18CFA50205AA5570003E39A /* DownloadViewController.swift in Sources */,
				E18CFA4F205AA5570003E39A /* DownloadTaskCell.swift in Sources */,
			);
			runOnlyForDeploymentPostprocessing = 0;
		};
/* End PBXSourcesBuildPhase section */

/* Begin PBXVariantGroup section */
		E18CFA2A205A71760003E39A /* Main.storyboard */ = {
			isa = PBXVariantGroup;
			children = (
				E18CFA2B205A71760003E39A /* Base */,
			);
			name = Main.storyboard;
			sourceTree = "<group>";
		};
		E18CFA2F205A71760003E39A /* LaunchScreen.storyboard */ = {
			isa = PBXVariantGroup;
			children = (
				E18CFA30205A71760003E39A /* Base */,
			);
			name = LaunchScreen.storyboard;
			sourceTree = "<group>";
		};
/* End PBXVariantGroup section */

/* Begin XCBuildConfiguration section */
		E18CFA33205A71760003E39A /* Debug */ = {
			isa = XCBuildConfiguration;
			buildSettings = {
				ALWAYS_SEARCH_USER_PATHS = NO;
				CLANG_ANALYZER_NONNULL = YES;
				CLANG_ANALYZER_NUMBER_OBJECT_CONVERSION = YES_AGGRESSIVE;
				CLANG_CXX_LANGUAGE_STANDARD = "gnu++14";
				CLANG_CXX_LIBRARY = "libc++";
				CLANG_ENABLE_MODULES = YES;
				CLANG_ENABLE_OBJC_ARC = YES;
				CLANG_WARN_BLOCK_CAPTURE_AUTORELEASING = YES;
				CLANG_WARN_BOOL_CONVERSION = YES;
				CLANG_WARN_COMMA = YES;
				CLANG_WARN_CONSTANT_CONVERSION = YES;
				CLANG_WARN_DIRECT_OBJC_ISA_USAGE = YES_ERROR;
				CLANG_WARN_DOCUMENTATION_COMMENTS = YES;
				CLANG_WARN_EMPTY_BODY = YES;
				CLANG_WARN_ENUM_CONVERSION = YES;
				CLANG_WARN_INFINITE_RECURSION = YES;
				CLANG_WARN_INT_CONVERSION = YES;
				CLANG_WARN_NON_LITERAL_NULL_CONVERSION = YES;
				CLANG_WARN_OBJC_LITERAL_CONVERSION = YES;
				CLANG_WARN_OBJC_ROOT_CLASS = YES_ERROR;
				CLANG_WARN_RANGE_LOOP_ANALYSIS = YES;
				CLANG_WARN_STRICT_PROTOTYPES = YES;
				CLANG_WARN_SUSPICIOUS_MOVE = YES;
				CLANG_WARN_UNGUARDED_AVAILABILITY = YES_AGGRESSIVE;
				CLANG_WARN_UNREACHABLE_CODE = YES;
				CLANG_WARN__DUPLICATE_METHOD_MATCH = YES;
				CODE_SIGN_IDENTITY = "iPhone Developer";
				COPY_PHASE_STRIP = NO;
				DEBUG_INFORMATION_FORMAT = dwarf;
				ENABLE_STRICT_OBJC_MSGSEND = YES;
				ENABLE_TESTABILITY = YES;
				GCC_C_LANGUAGE_STANDARD = gnu11;
				GCC_DYNAMIC_NO_PIC = NO;
				GCC_NO_COMMON_BLOCKS = YES;
				GCC_OPTIMIZATION_LEVEL = 0;
				GCC_PREPROCESSOR_DEFINITIONS = (
					"DEBUG=1",
					"$(inherited)",
				);
				GCC_WARN_64_TO_32_BIT_CONVERSION = YES;
				GCC_WARN_ABOUT_RETURN_TYPE = YES_ERROR;
				GCC_WARN_UNDECLARED_SELECTOR = YES;
				GCC_WARN_UNINITIALIZED_AUTOS = YES_AGGRESSIVE;
				GCC_WARN_UNUSED_FUNCTION = YES;
				GCC_WARN_UNUSED_VARIABLE = YES;
				IPHONEOS_DEPLOYMENT_TARGET = 11.2;
				MTL_ENABLE_DEBUG_INFO = YES;
				ONLY_ACTIVE_ARCH = YES;
				SDKROOT = iphoneos;
				SWIFT_ACTIVE_COMPILATION_CONDITIONS = DEBUG;
				SWIFT_OPTIMIZATION_LEVEL = "-Onone";
			};
			name = Debug;
		};
		E18CFA34205A71760003E39A /* Release */ = {
			isa = XCBuildConfiguration;
			buildSettings = {
				ALWAYS_SEARCH_USER_PATHS = NO;
				CLANG_ANALYZER_NONNULL = YES;
				CLANG_ANALYZER_NUMBER_OBJECT_CONVERSION = YES_AGGRESSIVE;
				CLANG_CXX_LANGUAGE_STANDARD = "gnu++14";
				CLANG_CXX_LIBRARY = "libc++";
				CLANG_ENABLE_MODULES = YES;
				CLANG_ENABLE_OBJC_ARC = YES;
				CLANG_WARN_BLOCK_CAPTURE_AUTORELEASING = YES;
				CLANG_WARN_BOOL_CONVERSION = YES;
				CLANG_WARN_COMMA = YES;
				CLANG_WARN_CONSTANT_CONVERSION = YES;
				CLANG_WARN_DIRECT_OBJC_ISA_USAGE = YES_ERROR;
				CLANG_WARN_DOCUMENTATION_COMMENTS = YES;
				CLANG_WARN_EMPTY_BODY = YES;
				CLANG_WARN_ENUM_CONVERSION = YES;
				CLANG_WARN_INFINITE_RECURSION = YES;
				CLANG_WARN_INT_CONVERSION = YES;
				CLANG_WARN_NON_LITERAL_NULL_CONVERSION = YES;
				CLANG_WARN_OBJC_LITERAL_CONVERSION = YES;
				CLANG_WARN_OBJC_ROOT_CLASS = YES_ERROR;
				CLANG_WARN_RANGE_LOOP_ANALYSIS = YES;
				CLANG_WARN_STRICT_PROTOTYPES = YES;
				CLANG_WARN_SUSPICIOUS_MOVE = YES;
				CLANG_WARN_UNGUARDED_AVAILABILITY = YES_AGGRESSIVE;
				CLANG_WARN_UNREACHABLE_CODE = YES;
				CLANG_WARN__DUPLICATE_METHOD_MATCH = YES;
				CODE_SIGN_IDENTITY = "iPhone Developer";
				COPY_PHASE_STRIP = NO;
				DEBUG_INFORMATION_FORMAT = "dwarf-with-dsym";
				ENABLE_NS_ASSERTIONS = NO;
				ENABLE_STRICT_OBJC_MSGSEND = YES;
				GCC_C_LANGUAGE_STANDARD = gnu11;
				GCC_NO_COMMON_BLOCKS = YES;
				GCC_WARN_64_TO_32_BIT_CONVERSION = YES;
				GCC_WARN_ABOUT_RETURN_TYPE = YES_ERROR;
				GCC_WARN_UNDECLARED_SELECTOR = YES;
				GCC_WARN_UNINITIALIZED_AUTOS = YES_AGGRESSIVE;
				GCC_WARN_UNUSED_FUNCTION = YES;
				GCC_WARN_UNUSED_VARIABLE = YES;
				IPHONEOS_DEPLOYMENT_TARGET = 11.2;
				MTL_ENABLE_DEBUG_INFO = NO;
				SDKROOT = iphoneos;
				SWIFT_OPTIMIZATION_LEVEL = "-Owholemodule";
				VALIDATE_PRODUCT = YES;
			};
			name = Release;
		};
		E18CFA36205A71760003E39A /* Debug */ = {
			isa = XCBuildConfiguration;
			buildSettings = {
				ASSETCATALOG_COMPILER_APPICON_NAME = AppIcon;
				CODE_SIGN_STYLE = Automatic;
				INFOPLIST_FILE = Example/Info.plist;
				IPHONEOS_DEPLOYMENT_TARGET = 8.0;
				LD_RUNPATH_SEARCH_PATHS = "$(inherited) @executable_path/Frameworks";
				PRODUCT_BUNDLE_IDENTIFIER = com.Daniels.Tiercel.Example;
				PRODUCT_NAME = "$(TARGET_NAME)";
				SWIFT_VERSION = 4.0;
				TARGETED_DEVICE_FAMILY = "1,2";
			};
			name = Debug;
		};
		E18CFA37205A71760003E39A /* Release */ = {
			isa = XCBuildConfiguration;
			buildSettings = {
				ASSETCATALOG_COMPILER_APPICON_NAME = AppIcon;
				CODE_SIGN_STYLE = Automatic;
				INFOPLIST_FILE = Example/Info.plist;
				IPHONEOS_DEPLOYMENT_TARGET = 8.0;
				LD_RUNPATH_SEARCH_PATHS = "$(inherited) @executable_path/Frameworks";
				PRODUCT_BUNDLE_IDENTIFIER = com.Daniels.Tiercel.Example;
				PRODUCT_NAME = "$(TARGET_NAME)";
				SWIFT_VERSION = 4.0;
				TARGETED_DEVICE_FAMILY = "1,2";
			};
			name = Release;
		};
/* End XCBuildConfiguration section */

/* Begin XCConfigurationList section */
		E18CFA1E205A71760003E39A /* Build configuration list for PBXProject "Example" */ = {
			isa = XCConfigurationList;
			buildConfigurations = (
				E18CFA33205A71760003E39A /* Debug */,
				E18CFA34205A71760003E39A /* Release */,
			);
			defaultConfigurationIsVisible = 0;
			defaultConfigurationName = Release;
		};
		E18CFA35205A71760003E39A /* Build configuration list for PBXNativeTarget "Example" */ = {
			isa = XCConfigurationList;
			buildConfigurations = (
				E18CFA36205A71760003E39A /* Debug */,
				E18CFA37205A71760003E39A /* Release */,
			);
			defaultConfigurationIsVisible = 0;
			defaultConfigurationName = Release;
		};
/* End XCConfigurationList section */
	};
	rootObject = E18CFA1B205A71760003E39A /* Project object */;
}
