// !$*UTF8*$!
{
	archiveVersion = 1;
	classes = {
	};
	objectVersion = 48;
	objects = {

/* Begin PBXBuildFile section */
		E10B78A721E73C3E00DFF2B3 /* ResumeDataHelper.swift in Sources */ = {isa = PBXBuildFile; fileRef = E10B78A521E73C3E00DFF2B3 /* ResumeDataHelper.swift */; };
		E10B78A821E73C3E00DFF2B3 /* SessionConfiguration.swift in Sources */ = {isa = PBXBuildFile; fileRef = E10B78A621E73C3E00DFF2B3 /* SessionConfiguration.swift */; };
		E18F465B228B207A0086BBDF /* CodingUserInfoKey+Cache.swift in Sources */ = {isa = PBXBuildFile; fileRef = E18F465A228B207A0086BBDF /* CodingUserInfoKey+Cache.swift */; };
		E18F465C228B207A0086BBDF /* CodingUserInfoKey+Cache.swift in Sources */ = {isa = PBXBuildFile; fileRef = E18F465A228B207A0086BBDF /* CodingUserInfoKey+Cache.swift */; };
		E1A14406228A95FC00B4CD6D /* URLConvertible.swift in Sources */ = {isa = PBXBuildFile; fileRef = E1A14405228A95FC00B4CD6D /* URLConvertible.swift */; };
		E1A14408228A9CA100B4CD6D /* TiercelError.swift in Sources */ = {isa = PBXBuildFile; fileRef = E1A14407228A9CA100B4CD6D /* TiercelError.swift */; };
		E1C1DD3E206C91EF003665A9 /* Tiercel.h in Headers */ = {isa = PBXBuildFile; fileRef = E1C1DD3C206C91EF003665A9 /* Tiercel.h */; settings = {ATTRIBUTES = (Public, ); }; };
		E1C1DD4A206C9241003665A9 /* DownloadTask.swift in Sources */ = {isa = PBXBuildFile; fileRef = E1C1DD44206C9241003665A9 /* DownloadTask.swift */; };
		E1C1DD4B206C9241003665A9 /* Cache.swift in Sources */ = {isa = PBXBuildFile; fileRef = E1C1DD45206C9241003665A9 /* Cache.swift */; };
		E1C1DD4C206C9241003665A9 /* Common.swift in Sources */ = {isa = PBXBuildFile; fileRef = E1C1DD46206C9241003665A9 /* Common.swift */; };
		E1C1DD4D206C9241003665A9 /* Task.swift in Sources */ = {isa = PBXBuildFile; fileRef = E1C1DD47206C9241003665A9 /* Task.swift */; };
		E1C1DD4E206C9241003665A9 /* SessionManager.swift in Sources */ = {isa = PBXBuildFile; fileRef = E1C1DD48206C9241003665A9 /* SessionManager.swift */; };
		E1C1DD4F206C9241003665A9 /* SessionDelegate.swift in Sources */ = {isa = PBXBuildFile; fileRef = E1C1DD49206C9241003665A9 /* SessionDelegate.swift */; };
		E1C1DD57206C92FE003665A9 /* AppDelegate.swift in Sources */ = {isa = PBXBuildFile; fileRef = E1C1DD56206C92FE003665A9 /* AppDelegate.swift */; };
		E1C1DD5C206C92FE003665A9 /* Main.storyboard in Resources */ = {isa = PBXBuildFile; fileRef = E1C1DD5A206C92FE003665A9 /* Main.storyboard */; };
		E1C1DD5E206C92FE003665A9 /* Assets.xcassets in Resources */ = {isa = PBXBuildFile; fileRef = E1C1DD5D206C92FE003665A9 /* Assets.xcassets */; };
		E1C1DD61206C92FE003665A9 /* LaunchScreen.storyboard in Resources */ = {isa = PBXBuildFile; fileRef = E1C1DD5F206C92FE003665A9 /* LaunchScreen.storyboard */; };
		E1C1DD6B206C937B003665A9 /* ViewController2.swift in Sources */ = {isa = PBXBuildFile; fileRef = E1C1DD66206C937A003665A9 /* ViewController2.swift */; };
		E1C1DD6C206C937B003665A9 /* ListViewController.swift in Sources */ = {isa = PBXBuildFile; fileRef = E1C1DD67206C937B003665A9 /* ListViewController.swift */; };
		E1C1DD6D206C937B003665A9 /* ViewController1.swift in Sources */ = {isa = PBXBuildFile; fileRef = E1C1DD68206C937B003665A9 /* ViewController1.swift */; };
		E1C1DD6E206C937B003665A9 /* ListViewCell.swift in Sources */ = {isa = PBXBuildFile; fileRef = E1C1DD69206C937B003665A9 /* ListViewCell.swift */; };
		E1C1DD6F206C937B003665A9 /* ViewController3.swift in Sources */ = {isa = PBXBuildFile; fileRef = E1C1DD6A206C937B003665A9 /* ViewController3.swift */; };
		E1C1DD74206C9385003665A9 /* DownloadViewController.swift in Sources */ = {isa = PBXBuildFile; fileRef = E1C1DD70206C9385003665A9 /* DownloadViewController.swift */; };
		E1C1DD75206C9385003665A9 /* DownloadTaskCell.swift in Sources */ = {isa = PBXBuildFile; fileRef = E1C1DD71206C9385003665A9 /* DownloadTaskCell.swift */; };
		E1C1DD76206C9385003665A9 /* BaseViewController.swift in Sources */ = {isa = PBXBuildFile; fileRef = E1C1DD72206C9385003665A9 /* BaseViewController.swift */; };
		E1C1DD77206C9385003665A9 /* DownloadTaskCell.xib in Resources */ = {isa = PBXBuildFile; fileRef = E1C1DD73206C9385003665A9 /* DownloadTaskCell.xib */; };
		E1C1DD78206C93A6003665A9 /* Tiercel.framework in Frameworks */ = {isa = PBXBuildFile; fileRef = E1C1DD39206C91EF003665A9 /* Tiercel.framework */; };
		E1C1DD79206C93A6003665A9 /* Tiercel.framework in Embed Frameworks */ = {isa = PBXBuildFile; fileRef = E1C1DD39206C91EF003665A9 /* Tiercel.framework */; settings = {ATTRIBUTES = (CodeSignOnCopy, RemoveHeadersOnCopy, ); }; };
		E1C6A3D522775C33009C0935 /* Executer.swift in Sources */ = {isa = PBXBuildFile; fileRef = E1C6A3D422775C33009C0935 /* Executer.swift */; };
		E1C6A3DA22775F23009C0935 /* OperationQueue+DispatchQueue.swift in Sources */ = {isa = PBXBuildFile; fileRef = E1C6A3D922775F23009C0935 /* OperationQueue+DispatchQueue.swift */; };
		E1D8EF9521F6B916004B70C5 /* FileChecksumHelper.swift in Sources */ = {isa = PBXBuildFile; fileRef = E1D8EF9421F6B916004B70C5 /* FileChecksumHelper.swift */; };
		E1D8EF9821F6CE53004B70C5 /* String+Hash.swift in Sources */ = {isa = PBXBuildFile; fileRef = E1D8EF9721F6CE53004B70C5 /* String+Hash.swift */; };
		E1D8EF9A21F6CE5C004B70C5 /* Data+Hash.swift in Sources */ = {isa = PBXBuildFile; fileRef = E1D8EF9921F6CE5C004B70C5 /* Data+Hash.swift */; };
		E1D8EF9C21F6CEFB004B70C5 /* URLSession+ResumeData.swift in Sources */ = {isa = PBXBuildFile; fileRef = E1D8EF9B21F6CEFB004B70C5 /* URLSession+ResumeData.swift */; };
		E1D8EF9E21F6CF39004B70C5 /* Int64+TaskInfo.swift in Sources */ = {isa = PBXBuildFile; fileRef = E1D8EF9D21F6CF39004B70C5 /* Int64+TaskInfo.swift */; };
		E1D8EFA021F6CFC2004B70C5 /* Double+TaskInfo.swift in Sources */ = {isa = PBXBuildFile; fileRef = E1D8EF9F21F6CFC2004B70C5 /* Double+TaskInfo.swift */; };
		E1D8EFA221F6CFE9004B70C5 /* DispatchQueue+Safe.swift in Sources */ = {isa = PBXBuildFile; fileRef = E1D8EFA121F6CFE9004B70C5 /* DispatchQueue+Safe.swift */; };
		E1D8EFA421F6D2B3004B70C5 /* Array+Safe.swift in Sources */ = {isa = PBXBuildFile; fileRef = E1D8EFA321F6D2B3004B70C5 /* Array+Safe.swift */; };
		E1D8EFA621F6D328004B70C5 /* UIDevice+Free.swift in Sources */ = {isa = PBXBuildFile; fileRef = E1D8EFA521F6D328004B70C5 /* UIDevice+Free.swift */; };
		E1F6024A226822D300B69998 /* VideoURLStrings.plist in Resources */ = {isa = PBXBuildFile; fileRef = E1F60249226822D300B69998 /* VideoURLStrings.plist */; };
/* End PBXBuildFile section */

/* Begin PBXContainerItemProxy section */
		E1C1DD7A206C93A6003665A9 /* PBXContainerItemProxy */ = {
			isa = PBXContainerItemProxy;
			containerPortal = E1C1DD30206C91EF003665A9 /* Project object */;
			proxyType = 1;
			remoteGlobalIDString = E1C1DD38206C91EF003665A9;
			remoteInfo = Tiercel;
		};
/* End PBXContainerItemProxy section */

/* Begin PBXCopyFilesBuildPhase section */
		E1C1DD7C206C93A7003665A9 /* Embed Frameworks */ = {
			isa = PBXCopyFilesBuildPhase;
			buildActionMask = 2147483647;
			dstPath = "";
			dstSubfolderSpec = 10;
			files = (
				E1C1DD79206C93A6003665A9 /* Tiercel.framework in Embed Frameworks */,
			);
			name = "Embed Frameworks";
			runOnlyForDeploymentPostprocessing = 0;
		};
/* End PBXCopyFilesBuildPhase section */

/* Begin PBXFileReference section */
		E10B78A521E73C3E00DFF2B3 /* ResumeDataHelper.swift */ = {isa = PBXFileReference; fileEncoding = 4; lastKnownFileType = sourcecode.swift; path = ResumeDataHelper.swift; sourceTree = "<group>"; };
		E10B78A621E73C3E00DFF2B3 /* SessionConfiguration.swift */ = {isa = PBXFileReference; fileEncoding = 4; lastKnownFileType = sourcecode.swift; path = SessionConfiguration.swift; sourceTree = "<group>"; };
		E18F465A228B207A0086BBDF /* CodingUserInfoKey+Cache.swift */ = {isa = PBXFileReference; lastKnownFileType = sourcecode.swift; path = "CodingUserInfoKey+Cache.swift"; sourceTree = "<group>"; };
		E1A14405228A95FC00B4CD6D /* URLConvertible.swift */ = {isa = PBXFileReference; lastKnownFileType = sourcecode.swift; path = URLConvertible.swift; sourceTree = "<group>"; };
		E1A14407228A9CA100B4CD6D /* TiercelError.swift */ = {isa = PBXFileReference; lastKnownFileType = sourcecode.swift; path = TiercelError.swift; sourceTree = "<group>"; };
		E1C1DD39206C91EF003665A9 /* Tiercel.framework */ = {isa = PBXFileReference; explicitFileType = wrapper.framework; includeInIndex = 0; path = Tiercel.framework; sourceTree = BUILT_PRODUCTS_DIR; };
		E1C1DD3C206C91EF003665A9 /* Tiercel.h */ = {isa = PBXFileReference; lastKnownFileType = sourcecode.c.h; path = Tiercel.h; sourceTree = "<group>"; };
		E1C1DD3D206C91EF003665A9 /* Info.plist */ = {isa = PBXFileReference; lastKnownFileType = text.plist.xml; path = Info.plist; sourceTree = "<group>"; };
		E1C1DD44206C9241003665A9 /* DownloadTask.swift */ = {isa = PBXFileReference; fileEncoding = 4; lastKnownFileType = sourcecode.swift; path = DownloadTask.swift; sourceTree = "<group>"; };
		E1C1DD45206C9241003665A9 /* Cache.swift */ = {isa = PBXFileReference; fileEncoding = 4; lastKnownFileType = sourcecode.swift; path = Cache.swift; sourceTree = "<group>"; };
		E1C1DD46206C9241003665A9 /* Common.swift */ = {isa = PBXFileReference; fileEncoding = 4; lastKnownFileType = sourcecode.swift; path = Common.swift; sourceTree = "<group>"; };
		E1C1DD47206C9241003665A9 /* Task.swift */ = {isa = PBXFileReference; fileEncoding = 4; lastKnownFileType = sourcecode.swift; path = Task.swift; sourceTree = "<group>"; };
		E1C1DD48206C9241003665A9 /* SessionManager.swift */ = {isa = PBXFileReference; fileEncoding = 4; lastKnownFileType = sourcecode.swift; path = SessionManager.swift; sourceTree = "<group>"; };
		E1C1DD49206C9241003665A9 /* SessionDelegate.swift */ = {isa = PBXFileReference; fileEncoding = 4; lastKnownFileType = sourcecode.swift; path = SessionDelegate.swift; sourceTree = "<group>"; };
		E1C1DD54206C92FE003665A9 /* Demo.app */ = {isa = PBXFileReference; explicitFileType = wrapper.application; includeInIndex = 0; path = Demo.app; sourceTree = BUILT_PRODUCTS_DIR; };
		E1C1DD56206C92FE003665A9 /* AppDelegate.swift */ = {isa = PBXFileReference; lastKnownFileType = sourcecode.swift; path = AppDelegate.swift; sourceTree = "<group>"; };
		E1C1DD5B206C92FE003665A9 /* Base */ = {isa = PBXFileReference; lastKnownFileType = file.storyboard; name = Base; path = Base.lproj/Main.storyboard; sourceTree = "<group>"; };
		E1C1DD5D206C92FE003665A9 /* Assets.xcassets */ = {isa = PBXFileReference; lastKnownFileType = folder.assetcatalog; path = Assets.xcassets; sourceTree = "<group>"; };
		E1C1DD60206C92FE003665A9 /* Base */ = {isa = PBXFileReference; lastKnownFileType = file.storyboard; name = Base; path = Base.lproj/LaunchScreen.storyboard; sourceTree = "<group>"; };
		E1C1DD62206C92FE003665A9 /* Info.plist */ = {isa = PBXFileReference; lastKnownFileType = text.plist.xml; path = Info.plist; sourceTree = "<group>"; };
		E1C1DD66206C937A003665A9 /* ViewController2.swift */ = {isa = PBXFileReference; fileEncoding = 4; lastKnownFileType = sourcecode.swift; path = ViewController2.swift; sourceTree = "<group>"; };
		E1C1DD67206C937B003665A9 /* ListViewController.swift */ = {isa = PBXFileReference; fileEncoding = 4; lastKnownFileType = sourcecode.swift; path = ListViewController.swift; sourceTree = "<group>"; };
		E1C1DD68206C937B003665A9 /* ViewController1.swift */ = {isa = PBXFileReference; fileEncoding = 4; lastKnownFileType = sourcecode.swift; path = ViewController1.swift; sourceTree = "<group>"; };
		E1C1DD69206C937B003665A9 /* ListViewCell.swift */ = {isa = PBXFileReference; fileEncoding = 4; lastKnownFileType = sourcecode.swift; path = ListViewCell.swift; sourceTree = "<group>"; };
		E1C1DD6A206C937B003665A9 /* ViewController3.swift */ = {isa = PBXFileReference; fileEncoding = 4; lastKnownFileType = sourcecode.swift; path = ViewController3.swift; sourceTree = "<group>"; };
		E1C1DD70206C9385003665A9 /* DownloadViewController.swift */ = {isa = PBXFileReference; fileEncoding = 4; lastKnownFileType = sourcecode.swift; path = DownloadViewController.swift; sourceTree = "<group>"; };
		E1C1DD71206C9385003665A9 /* DownloadTaskCell.swift */ = {isa = PBXFileReference; fileEncoding = 4; lastKnownFileType = sourcecode.swift; path = DownloadTaskCell.swift; sourceTree = "<group>"; };
		E1C1DD72206C9385003665A9 /* BaseViewController.swift */ = {isa = PBXFileReference; fileEncoding = 4; lastKnownFileType = sourcecode.swift; path = BaseViewController.swift; sourceTree = "<group>"; };
		E1C1DD73206C9385003665A9 /* DownloadTaskCell.xib */ = {isa = PBXFileReference; fileEncoding = 4; lastKnownFileType = file.xib; path = DownloadTaskCell.xib; sourceTree = "<group>"; };
		E1C6A3D422775C33009C0935 /* Executer.swift */ = {isa = PBXFileReference; lastKnownFileType = sourcecode.swift; path = Executer.swift; sourceTree = "<group>"; };
		E1C6A3D922775F23009C0935 /* OperationQueue+DispatchQueue.swift */ = {isa = PBXFileReference; lastKnownFileType = sourcecode.swift; path = "OperationQueue+DispatchQueue.swift"; sourceTree = "<group>"; };
		E1D8EF9421F6B916004B70C5 /* FileChecksumHelper.swift */ = {isa = PBXFileReference; lastKnownFileType = sourcecode.swift; path = FileChecksumHelper.swift; sourceTree = "<group>"; };
		E1D8EF9721F6CE53004B70C5 /* String+Hash.swift */ = {isa = PBXFileReference; lastKnownFileType = sourcecode.swift; path = "String+Hash.swift"; sourceTree = "<group>"; };
		E1D8EF9921F6CE5C004B70C5 /* Data+Hash.swift */ = {isa = PBXFileReference; lastKnownFileType = sourcecode.swift; path = "Data+Hash.swift"; sourceTree = "<group>"; };
		E1D8EF9B21F6CEFB004B70C5 /* URLSession+ResumeData.swift */ = {isa = PBXFileReference; lastKnownFileType = sourcecode.swift; path = "URLSession+ResumeData.swift"; sourceTree = "<group>"; };
		E1D8EF9D21F6CF39004B70C5 /* Int64+TaskInfo.swift */ = {isa = PBXFileReference; lastKnownFileType = sourcecode.swift; path = "Int64+TaskInfo.swift"; sourceTree = "<group>"; };
		E1D8EF9F21F6CFC2004B70C5 /* Double+TaskInfo.swift */ = {isa = PBXFileReference; lastKnownFileType = sourcecode.swift; path = "Double+TaskInfo.swift"; sourceTree = "<group>"; };
		E1D8EFA121F6CFE9004B70C5 /* DispatchQueue+Safe.swift */ = {isa = PBXFileReference; lastKnownFileType = sourcecode.swift; path = "DispatchQueue+Safe.swift"; sourceTree = "<group>"; };
		E1D8EFA321F6D2B3004B70C5 /* Array+Safe.swift */ = {isa = PBXFileReference; lastKnownFileType = sourcecode.swift; path = "Array+Safe.swift"; sourceTree = "<group>"; };
		E1D8EFA521F6D328004B70C5 /* UIDevice+Free.swift */ = {isa = PBXFileReference; lastKnownFileType = sourcecode.swift; path = "UIDevice+Free.swift"; sourceTree = "<group>"; };
		E1F60249226822D300B69998 /* VideoURLStrings.plist */ = {isa = PBXFileReference; lastKnownFileType = text.plist.xml; path = VideoURLStrings.plist; sourceTree = "<group>"; };
/* End PBXFileReference section */

/* Begin PBXFrameworksBuildPhase section */
		E1C1DD35206C91EF003665A9 /* Frameworks */ = {
			isa = PBXFrameworksBuildPhase;
			buildActionMask = 2147483647;
			files = (
			);
			runOnlyForDeploymentPostprocessing = 0;
		};
		E1C1DD51206C92FE003665A9 /* Frameworks */ = {
			isa = PBXFrameworksBuildPhase;
			buildActionMask = 2147483647;
			files = (
				E1C1DD78206C93A6003665A9 /* Tiercel.framework in Frameworks */,
			);
			runOnlyForDeploymentPostprocessing = 0;
		};
/* End PBXFrameworksBuildPhase section */

/* Begin PBXGroup section */
		E1C1DD2F206C91EF003665A9 = {
			isa = PBXGroup;
			children = (
				E1C1DD3B206C91EF003665A9 /* Tiercel */,
				E1C1DD55206C92FE003665A9 /* Demo */,
				E1C1DD3A206C91EF003665A9 /* Products */,
			);
			sourceTree = "<group>";
		};
		E1C1DD3A206C91EF003665A9 /* Products */ = {
			isa = PBXGroup;
			children = (
				E1C1DD39206C91EF003665A9 /* Tiercel.framework */,
				E1C1DD54206C92FE003665A9 /* Demo.app */,
			);
			name = Products;
			sourceTree = "<group>";
		};
		E1C1DD3B206C91EF003665A9 /* Tiercel */ = {
			isa = PBXGroup;
			children = (
				E1C1DD3C206C91EF003665A9 /* Tiercel.h */,
				E1C1DD3D206C91EF003665A9 /* Info.plist */,
				E1D8EFA721F6D4F6004B70C5 /* General */,
				E1D8EFA821F6D548004B70C5 /* Utility */,
				E1D8EF9621F6CE33004B70C5 /* Extensions */,
			);
			path = Tiercel;
			sourceTree = "<group>";
		};
		E1C1DD55206C92FE003665A9 /* Demo */ = {
			isa = PBXGroup;
			children = (
				E1C1DD56206C92FE003665A9 /* AppDelegate.swift */,
				E1C1DD72206C9385003665A9 /* BaseViewController.swift */,
				E1C1DD68206C937B003665A9 /* ViewController1.swift */,
				E1C1DD66206C937A003665A9 /* ViewController2.swift */,
				E1C1DD6A206C937B003665A9 /* ViewController3.swift */,
				E1C1DD67206C937B003665A9 /* ListViewController.swift */,
				E1C1DD69206C937B003665A9 /* ListViewCell.swift */,
				E1C1DD70206C9385003665A9 /* DownloadViewController.swift */,
				E1C1DD71206C9385003665A9 /* DownloadTaskCell.swift */,
				E1C1DD73206C9385003665A9 /* DownloadTaskCell.xib */,
				E1C1DD5A206C92FE003665A9 /* Main.storyboard */,
				E1C1DD5D206C92FE003665A9 /* Assets.xcassets */,
				E1C1DD5F206C92FE003665A9 /* LaunchScreen.storyboard */,
				E1C1DD62206C92FE003665A9 /* Info.plist */,
				E1F60249226822D300B69998 /* VideoURLStrings.plist */,
			);
			path = Demo;
			sourceTree = "<group>";
		};
		E1D8EF9621F6CE33004B70C5 /* Extensions */ = {
			isa = PBXGroup;
			children = (
				E1D8EF9721F6CE53004B70C5 /* String+Hash.swift */,
				E1D8EF9921F6CE5C004B70C5 /* Data+Hash.swift */,
				E1D8EF9B21F6CEFB004B70C5 /* URLSession+ResumeData.swift */,
				E1D8EF9D21F6CF39004B70C5 /* Int64+TaskInfo.swift */,
				E1D8EF9F21F6CFC2004B70C5 /* Double+TaskInfo.swift */,
				E1D8EFA121F6CFE9004B70C5 /* DispatchQueue+Safe.swift */,
				E1D8EFA321F6D2B3004B70C5 /* Array+Safe.swift */,
				E1D8EFA521F6D328004B70C5 /* UIDevice+Free.swift */,
				E1C6A3D922775F23009C0935 /* OperationQueue+DispatchQueue.swift */,
				E18F465A228B207A0086BBDF /* CodingUserInfoKey+Cache.swift */,
			);
			path = Extensions;
			sourceTree = "<group>";
		};
		E1D8EFA721F6D4F6004B70C5 /* General */ = {
			isa = PBXGroup;
			children = (
				E1C1DD46206C9241003665A9 /* Common.swift */,
				E1C6A3D422775C33009C0935 /* Executer.swift */,
				E1C1DD45206C9241003665A9 /* Cache.swift */,
				E1C1DD47206C9241003665A9 /* Task.swift */,
				E1C1DD44206C9241003665A9 /* DownloadTask.swift */,
				E10B78A621E73C3E00DFF2B3 /* SessionConfiguration.swift */,
				E1C1DD48206C9241003665A9 /* SessionManager.swift */,
				E1C1DD49206C9241003665A9 /* SessionDelegate.swift */,
				E1A14405228A95FC00B4CD6D /* URLConvertible.swift */,
				E1A14407228A9CA100B4CD6D /* TiercelError.swift */,
			);
			path = General;
			sourceTree = "<group>";
		};
		E1D8EFA821F6D548004B70C5 /* Utility */ = {
			isa = PBXGroup;
			children = (
				E10B78A521E73C3E00DFF2B3 /* ResumeDataHelper.swift */,
				E1D8EF9421F6B916004B70C5 /* FileChecksumHelper.swift */,
			);
			path = Utility;
			sourceTree = "<group>";
		};
/* End PBXGroup section */

/* Begin PBXHeadersBuildPhase section */
		E1C1DD36206C91EF003665A9 /* Headers */ = {
			isa = PBXHeadersBuildPhase;
			buildActionMask = 2147483647;
			files = (
				E1C1DD3E206C91EF003665A9 /* Tiercel.h in Headers */,
			);
			runOnlyForDeploymentPostprocessing = 0;
		};
/* End PBXHeadersBuildPhase section */

/* Begin PBXNativeTarget section */
		E1C1DD38206C91EF003665A9 /* Tiercel */ = {
			isa = PBXNativeTarget;
			buildConfigurationList = E1C1DD41206C91EF003665A9 /* Build configuration list for PBXNativeTarget "Tiercel" */;
			buildPhases = (
				E1C1DD34206C91EF003665A9 /* Sources */,
				E1C1DD35206C91EF003665A9 /* Frameworks */,
				E1C1DD36206C91EF003665A9 /* Headers */,
				E1C1DD37206C91EF003665A9 /* Resources */,
			);
			buildRules = (
			);
			dependencies = (
			);
			name = Tiercel;
			productName = Tiercel;
			productReference = E1C1DD39206C91EF003665A9 /* Tiercel.framework */;
			productType = "com.apple.product-type.framework";
		};
		E1C1DD53206C92FE003665A9 /* Demo */ = {
			isa = PBXNativeTarget;
			buildConfigurationList = E1C1DD63206C92FE003665A9 /* Build configuration list for PBXNativeTarget "Demo" */;
			buildPhases = (
				E1C1DD50206C92FE003665A9 /* Sources */,
				E1C1DD51206C92FE003665A9 /* Frameworks */,
				E1C1DD52206C92FE003665A9 /* Resources */,
				E1C1DD7C206C93A7003665A9 /* Embed Frameworks */,
			);
			buildRules = (
			);
			dependencies = (
				E1C1DD7B206C93A6003665A9 /* PBXTargetDependency */,
			);
			name = Demo;
			productName = Demo;
			productReference = E1C1DD54206C92FE003665A9 /* Demo.app */;
			productType = "com.apple.product-type.application";
		};
/* End PBXNativeTarget section */

/* Begin PBXProject section */
		E1C1DD30206C91EF003665A9 /* Project object */ = {
			isa = PBXProject;
			attributes = {
				LastSwiftUpdateCheck = 0920;
				LastUpgradeCheck = 0920;
				ORGANIZATIONNAME = Daniels;
				TargetAttributes = {
					E1C1DD38206C91EF003665A9 = {
						CreatedOnToolsVersion = 9.2;
						LastSwiftMigration = 1020;
						ProvisioningStyle = Automatic;
					};
					E1C1DD53206C92FE003665A9 = {
						CreatedOnToolsVersion = 9.2;
						LastSwiftMigration = 1020;
						ProvisioningStyle = Automatic;
					};
				};
			};
			buildConfigurationList = E1C1DD33206C91EF003665A9 /* Build configuration list for PBXProject "Tiercel" */;
			compatibilityVersion = "Xcode 8.0";
			developmentRegion = en;
			hasScannedForEncodings = 0;
			knownRegions = (
				en,
				Base,
			);
			mainGroup = E1C1DD2F206C91EF003665A9;
			productRefGroup = E1C1DD3A206C91EF003665A9 /* Products */;
			projectDirPath = "";
			projectRoot = "";
			targets = (
				E1C1DD38206C91EF003665A9 /* Tiercel */,
				E1C1DD53206C92FE003665A9 /* Demo */,
			);
		};
/* End PBXProject section */

/* Begin PBXResourcesBuildPhase section */
		E1C1DD37206C91EF003665A9 /* Resources */ = {
			isa = PBXResourcesBuildPhase;
			buildActionMask = 2147483647;
			files = (
			);
			runOnlyForDeploymentPostprocessing = 0;
		};
		E1C1DD52206C92FE003665A9 /* Resources */ = {
			isa = PBXResourcesBuildPhase;
			buildActionMask = 2147483647;
			files = (
				E1F6024A226822D300B69998 /* VideoURLStrings.plist in Resources */,
				E1C1DD77206C9385003665A9 /* DownloadTaskCell.xib in Resources */,
				E1C1DD61206C92FE003665A9 /* LaunchScreen.storyboard in Resources */,
				E1C1DD5E206C92FE003665A9 /* Assets.xcassets in Resources */,
				E1C1DD5C206C92FE003665A9 /* Main.storyboard in Resources */,
			);
			runOnlyForDeploymentPostprocessing = 0;
		};
/* End PBXResourcesBuildPhase section */

/* Begin PBXSourcesBuildPhase section */
		E1C1DD34206C91EF003665A9 /* Sources */ = {
			isa = PBXSourcesBuildPhase;
			buildActionMask = 2147483647;
			files = (
				E1D8EF9821F6CE53004B70C5 /* String+Hash.swift in Sources */,
				E1D8EFA621F6D328004B70C5 /* UIDevice+Free.swift in Sources */,
				E1D8EFA021F6CFC2004B70C5 /* Double+TaskInfo.swift in Sources */,
				E1C1DD4D206C9241003665A9 /* Task.swift in Sources */,
				E10B78A721E73C3E00DFF2B3 /* ResumeDataHelper.swift in Sources */,
				E1D8EF9C21F6CEFB004B70C5 /* URLSession+ResumeData.swift in Sources */,
				E1D8EFA421F6D2B3004B70C5 /* Array+Safe.swift in Sources */,
				E18F465B228B207A0086BBDF /* CodingUserInfoKey+Cache.swift in Sources */,
				E1C1DD4E206C9241003665A9 /* SessionManager.swift in Sources */,
				E1C6A3D522775C33009C0935 /* Executer.swift in Sources */,
				E1D8EF9A21F6CE5C004B70C5 /* Data+Hash.swift in Sources */,
				E1C6A3DA22775F23009C0935 /* OperationQueue+DispatchQueue.swift in Sources */,
				E1C1DD4C206C9241003665A9 /* Common.swift in Sources */,
				E1C1DD4B206C9241003665A9 /* Cache.swift in Sources */,
				E1D8EF9521F6B916004B70C5 /* FileChecksumHelper.swift in Sources */,
				E1C1DD4A206C9241003665A9 /* DownloadTask.swift in Sources */,
				E1D8EF9E21F6CF39004B70C5 /* Int64+TaskInfo.swift in Sources */,
				E10B78A821E73C3E00DFF2B3 /* SessionConfiguration.swift in Sources */,
				E1C1DD4F206C9241003665A9 /* SessionDelegate.swift in Sources */,
				E1D8EFA221F6CFE9004B70C5 /* DispatchQueue+Safe.swift in Sources */,
				E1A14408228A9CA100B4CD6D /* TiercelError.swift in Sources */,
				E1A14406228A95FC00B4CD6D /* URLConvertible.swift in Sources */,
			);
			runOnlyForDeploymentPostprocessing = 0;
		};
		E1C1DD50206C92FE003665A9 /* Sources */ = {
			isa = PBXSourcesBuildPhase;
			buildActionMask = 2147483647;
			files = (
				E1C1DD6D206C937B003665A9 /* ViewController1.swift in Sources */,
				E1C1DD57206C92FE003665A9 /* AppDelegate.swift in Sources */,
				E1C1DD6F206C937B003665A9 /* ViewController3.swift in Sources */,
				E1C1DD74206C9385003665A9 /* DownloadViewController.swift in Sources */,
				E1C1DD75206C9385003665A9 /* DownloadTaskCell.swift in Sources */,
				E18F465C228B207A0086BBDF /* CodingUserInfoKey+Cache.swift in Sources */,
				E1C1DD76206C9385003665A9 /* BaseViewController.swift in Sources */,
				E1C1DD6E206C937B003665A9 /* ListViewCell.swift in Sources */,
				E1C1DD6B206C937B003665A9 /* ViewController2.swift in Sources */,
				E1C1DD6C206C937B003665A9 /* ListViewController.swift in Sources */,
			);
			runOnlyForDeploymentPostprocessing = 0;
		};
/* End PBXSourcesBuildPhase section */

/* Begin PBXTargetDependency section */
		E1C1DD7B206C93A6003665A9 /* PBXTargetDependency */ = {
			isa = PBXTargetDependency;
			target = E1C1DD38206C91EF003665A9 /* Tiercel */;
			targetProxy = E1C1DD7A206C93A6003665A9 /* PBXContainerItemProxy */;
		};
/* End PBXTargetDependency section */

/* Begin PBXVariantGroup section */
		E1C1DD5A206C92FE003665A9 /* Main.storyboard */ = {
			isa = PBXVariantGroup;
			children = (
				E1C1DD5B206C92FE003665A9 /* Base */,
			);
			name = Main.storyboard;
			sourceTree = "<group>";
		};
		E1C1DD5F206C92FE003665A9 /* LaunchScreen.storyboard */ = {
			isa = PBXVariantGroup;
			children = (
				E1C1DD60206C92FE003665A9 /* Base */,
			);
			name = LaunchScreen.storyboard;
			sourceTree = "<group>";
		};
/* End PBXVariantGroup section */

/* Begin XCBuildConfiguration section */
		E1C1DD3F206C91EF003665A9 /* Debug */ = {
			isa = XCBuildConfiguration;
			buildSettings = {
				ALWAYS_SEARCH_USER_PATHS = NO;
				CLANG_ANALYZER_NONNULL = YES;
				CLANG_ANALYZER_NUMBER_OBJECT_CONVERSION = YES_AGGRESSIVE;
				CLANG_CXX_LANGUAGE_STANDARD = "gnu++14";
				CLANG_CXX_LIBRARY = "libc++";
				CLANG_ENABLE_MODULES = YES;
				CLANG_ENABLE_OBJC_ARC = YES;
				CLANG_WARN_BLOCK_CAPTURE_AUTORELEASING = YES;
				CLANG_WARN_BOOL_CONVERSION = YES;
				CLANG_WARN_COMMA = YES;
				CLANG_WARN_CONSTANT_CONVERSION = YES;
				CLANG_WARN_DIRECT_OBJC_ISA_USAGE = YES_ERROR;
				CLANG_WARN_DOCUMENTATION_COMMENTS = YES;
				CLANG_WARN_EMPTY_BODY = YES;
				CLANG_WARN_ENUM_CONVERSION = YES;
				CLANG_WARN_INFINITE_RECURSION = YES;
				CLANG_WARN_INT_CONVERSION = YES;
				CLANG_WARN_NON_LITERAL_NULL_CONVERSION = YES;
				CLANG_WARN_OBJC_LITERAL_CONVERSION = YES;
				CLANG_WARN_OBJC_ROOT_CLASS = YES_ERROR;
				CLANG_WARN_RANGE_LOOP_ANALYSIS = YES;
				CLANG_WARN_STRICT_PROTOTYPES = YES;
				CLANG_WARN_SUSPICIOUS_MOVE = YES;
				CLANG_WARN_UNGUARDED_AVAILABILITY = YES_AGGRESSIVE;
				CLANG_WARN_UNREACHABLE_CODE = YES;
				CLANG_WARN__DUPLICATE_METHOD_MATCH = YES;
				CODE_SIGN_IDENTITY = "iPhone Developer";
				COPY_PHASE_STRIP = NO;
				CURRENT_PROJECT_VERSION = 1;
				DEBUG_INFORMATION_FORMAT = dwarf;
				ENABLE_STRICT_OBJC_MSGSEND = YES;
				ENABLE_TESTABILITY = YES;
				GCC_C_LANGUAGE_STANDARD = gnu11;
				GCC_DYNAMIC_NO_PIC = NO;
				GCC_NO_COMMON_BLOCKS = YES;
				GCC_OPTIMIZATION_LEVEL = 0;
				GCC_PREPROCESSOR_DEFINITIONS = (
					"DEBUG=1",
					"$(inherited)",
				);
				GCC_WARN_64_TO_32_BIT_CONVERSION = YES;
				GCC_WARN_ABOUT_RETURN_TYPE = YES_ERROR;
				GCC_WARN_UNDECLARED_SELECTOR = YES;
				GCC_WARN_UNINITIALIZED_AUTOS = YES_AGGRESSIVE;
				GCC_WARN_UNUSED_FUNCTION = YES;
				GCC_WARN_UNUSED_VARIABLE = YES;
				IPHONEOS_DEPLOYMENT_TARGET = 11.2;
				MTL_ENABLE_DEBUG_INFO = YES;
				ONLY_ACTIVE_ARCH = YES;
				SDKROOT = iphoneos;
				SWIFT_ACTIVE_COMPILATION_CONDITIONS = DEBUG;
				SWIFT_OPTIMIZATION_LEVEL = "-Onone";
				VERSIONING_SYSTEM = "apple-generic";
				VERSION_INFO_PREFIX = "";
			};
			name = Debug;
		};
		E1C1DD40206C91EF003665A9 /* Release */ = {
			isa = XCBuildConfiguration;
			buildSettings = {
				ALWAYS_SEARCH_USER_PATHS = NO;
				CLANG_ANALYZER_NONNULL = YES;
				CLANG_ANALYZER_NUMBER_OBJECT_CONVERSION = YES_AGGRESSIVE;
				CLANG_CXX_LANGUAGE_STANDARD = "gnu++14";
				CLANG_CXX_LIBRARY = "libc++";
				CLANG_ENABLE_MODULES = YES;
				CLANG_ENABLE_OBJC_ARC = YES;
				CLANG_WARN_BLOCK_CAPTURE_AUTORELEASING = YES;
				CLANG_WARN_BOOL_CONVERSION = YES;
				CLANG_WARN_COMMA = YES;
				CLANG_WARN_CONSTANT_CONVERSION = YES;
				CLANG_WARN_DIRECT_OBJC_ISA_USAGE = YES_ERROR;
				CLANG_WARN_DOCUMENTATION_COMMENTS = YES;
				CLANG_WARN_EMPTY_BODY = YES;
				CLANG_WARN_ENUM_CONVERSION = YES;
				CLANG_WARN_INFINITE_RECURSION = YES;
				CLANG_WARN_INT_CONVERSION = YES;
				CLANG_WARN_NON_LITERAL_NULL_CONVERSION = YES;
				CLANG_WARN_OBJC_LITERAL_CONVERSION = YES;
				CLANG_WARN_OBJC_ROOT_CLASS = YES_ERROR;
				CLANG_WARN_RANGE_LOOP_ANALYSIS = YES;
				CLANG_WARN_STRICT_PROTOTYPES = YES;
				CLANG_WARN_SUSPICIOUS_MOVE = YES;
				CLANG_WARN_UNGUARDED_AVAILABILITY = YES_AGGRESSIVE;
				CLANG_WARN_UNREACHABLE_CODE = YES;
				CLANG_WARN__DUPLICATE_METHOD_MATCH = YES;
				CODE_SIGN_IDENTITY = "iPhone Developer";
				COPY_PHASE_STRIP = NO;
				CURRENT_PROJECT_VERSION = 1;
				DEBUG_INFORMATION_FORMAT = "dwarf-with-dsym";
				ENABLE_NS_ASSERTIONS = NO;
				ENABLE_STRICT_OBJC_MSGSEND = YES;
				GCC_C_LANGUAGE_STANDARD = gnu11;
				GCC_NO_COMMON_BLOCKS = YES;
				GCC_WARN_64_TO_32_BIT_CONVERSION = YES;
				GCC_WARN_ABOUT_RETURN_TYPE = YES_ERROR;
				GCC_WARN_UNDECLARED_SELECTOR = YES;
				GCC_WARN_UNINITIALIZED_AUTOS = YES_AGGRESSIVE;
				GCC_WARN_UNUSED_FUNCTION = YES;
				GCC_WARN_UNUSED_VARIABLE = YES;
				IPHONEOS_DEPLOYMENT_TARGET = 11.2;
				MTL_ENABLE_DEBUG_INFO = NO;
				SDKROOT = iphoneos;
				SWIFT_OPTIMIZATION_LEVEL = "-Owholemodule";
				VALIDATE_PRODUCT = YES;
				VERSIONING_SYSTEM = "apple-generic";
				VERSION_INFO_PREFIX = "";
			};
			name = Release;
		};
		E1C1DD42206C91EF003665A9 /* Debug */ = {
			isa = XCBuildConfiguration;
			buildSettings = {
				CLANG_ENABLE_MODULES = YES;
				CODE_SIGN_IDENTITY = "iPhone Developer";
				CODE_SIGN_STYLE = Automatic;
				DEFINES_MODULE = YES;
				DEVELOPMENT_TEAM = Y3437T5EGX;
				DYLIB_COMPATIBILITY_VERSION = 1;
				DYLIB_CURRENT_VERSION = 1;
				DYLIB_INSTALL_NAME_BASE = "@rpath";
				INFOPLIST_FILE = Tiercel/Info.plist;
				INSTALL_PATH = "$(LOCAL_LIBRARY_DIR)/Frameworks";
				IPHONEOS_DEPLOYMENT_TARGET = 8.0;
				LD_RUNPATH_SEARCH_PATHS = "$(inherited) @executable_path/Frameworks @loader_path/Frameworks";
				PRODUCT_BUNDLE_IDENTIFIER = com.Daniels.Tiercel;
				PRODUCT_NAME = "$(TARGET_NAME:c99extidentifier)";
				SKIP_INSTALL = YES;
				SWIFT_OPTIMIZATION_LEVEL = "-Onone";
				SWIFT_VERSION = 5.0;
				TARGETED_DEVICE_FAMILY = "1,2";
			};
			name = Debug;
		};
		E1C1DD43206C91EF003665A9 /* Release */ = {
			isa = XCBuildConfiguration;
			buildSettings = {
				CLANG_ENABLE_MODULES = YES;
				CODE_SIGN_IDENTITY = "";
				CODE_SIGN_STYLE = Automatic;
				DEFINES_MODULE = YES;
				DEVELOPMENT_TEAM = Y3437T5EGX;
				DYLIB_COMPATIBILITY_VERSION = 1;
				DYLIB_CURRENT_VERSION = 1;
				DYLIB_INSTALL_NAME_BASE = "@rpath";
				INFOPLIST_FILE = Tiercel/Info.plist;
				INSTALL_PATH = "$(LOCAL_LIBRARY_DIR)/Frameworks";
				IPHONEOS_DEPLOYMENT_TARGET = 8.0;
				LD_RUNPATH_SEARCH_PATHS = "$(inherited) @executable_path/Frameworks @loader_path/Frameworks";
				PRODUCT_BUNDLE_IDENTIFIER = com.Daniels.Tiercel;
				PRODUCT_NAME = "$(TARGET_NAME:c99extidentifier)";
				SKIP_INSTALL = YES;
				SWIFT_VERSION = 5.0;
				TARGETED_DEVICE_FAMILY = "1,2";
			};
			name = Release;
		};
		E1C1DD64206C92FE003665A9 /* Debug */ = {
			isa = XCBuildConfiguration;
			buildSettings = {
				ALWAYS_EMBED_SWIFT_STANDARD_LIBRARIES = YES;
				ASSETCATALOG_COMPILER_APPICON_NAME = AppIcon;
				CODE_SIGN_IDENTITY = "iPhone Developer";
				CODE_SIGN_STYLE = Automatic;
				DEVELOPMENT_TEAM = 938M2GJR4V;
				INFOPLIST_FILE = Demo/Info.plist;
				IPHONEOS_DEPLOYMENT_TARGET = 8.0;
				LD_RUNPATH_SEARCH_PATHS = "$(inherited) @executable_path/Frameworks";
				PRODUCT_BUNDLE_IDENTIFIER = "com.Daniels.Tiercel-Demo";
				PRODUCT_NAME = "$(TARGET_NAME)";
				PROVISIONING_PROFILE_SPECIFIER = "";
				SWIFT_VERSION = 5.0;
				TARGETED_DEVICE_FAMILY = "1,2";
			};
			name = Debug;
		};
		E1C1DD65206C92FE003665A9 /* Release */ = {
			isa = XCBuildConfiguration;
			buildSettings = {
				ALWAYS_EMBED_SWIFT_STANDARD_LIBRARIES = YES;
				ASSETCATALOG_COMPILER_APPICON_NAME = AppIcon;
				CODE_SIGN_IDENTITY = "iPhone Developer";
				CODE_SIGN_STYLE = Automatic;
				DEVELOPMENT_TEAM = 938M2GJR4V;
				INFOPLIST_FILE = Demo/Info.plist;
				IPHONEOS_DEPLOYMENT_TARGET = 8.0;
				LD_RUNPATH_SEARCH_PATHS = "$(inherited) @executable_path/Frameworks";
				PRODUCT_BUNDLE_IDENTIFIER = "com.Daniels.Tiercel-Demo";
				PRODUCT_NAME = "$(TARGET_NAME)";
				PROVISIONING_PROFILE_SPECIFIER = "";
				SWIFT_VERSION = 5.0;
				TARGETED_DEVICE_FAMILY = "1,2";
			};
			name = Release;
		};
/* End XCBuildConfiguration section */

/* Begin XCConfigurationList section */
		E1C1DD33206C91EF003665A9 /* Build configuration list for PBXProject "Tiercel" */ = {
			isa = XCConfigurationList;
			buildConfigurations = (
				E1C1DD3F206C91EF003665A9 /* Debug */,
				E1C1DD40206C91EF003665A9 /* Release */,
			);
			defaultConfigurationIsVisible = 0;
			defaultConfigurationName = Release;
		};
		E1C1DD41206C91EF003665A9 /* Build configuration list for PBXNativeTarget "Tiercel" */ = {
			isa = XCConfigurationList;
			buildConfigurations = (
				E1C1DD42206C91EF003665A9 /* Debug */,
				E1C1DD43206C91EF003665A9 /* Release */,
			);
			defaultConfigurationIsVisible = 0;
			defaultConfigurationName = Release;
		};
		E1C1DD63206C92FE003665A9 /* Build configuration list for PBXNativeTarget "Demo" */ = {
			isa = XCConfigurationList;
			buildConfigurations = (
				E1C1DD64206C92FE003665A9 /* Debug */,
				E1C1DD65206C92FE003665A9 /* Release */,
			);
			defaultConfigurationIsVisible = 0;
			defaultConfigurationName = Release;
		};
/* End XCConfigurationList section */
	};
	rootObject = E1C1DD30206C91EF003665A9 /* Project object */;
}
