// !$*UTF8*$!
{
	archiveVersion = 1;
	classes = {
	};
	objectVersion = 70;
	objects = {

/* Begin PBXBuildFile section */
		3DBC88F32E4B680B0066B550 /* Tiercel.framework in Frameworks */ = {isa = PBXBuildFile; fileRef = 3DBC88F22E4B680B0066B550 /* Tiercel.framework */; };
		3DBC88F42E4B680B0066B550 /* Tiercel.framework in Embed Frameworks */ = {isa = PBXBuildFile; fileRef = 3DBC88F22E4B680B0066B550 /* Tiercel.framework */; settings = {ATTRIBUTES = (CodeSignOnCopy, RemoveHeadersOnCopy, ); }; };
		E1EBF4F324E9993300697485 /* AppDelegate.swift in Sources */ = {isa = PBXBuildFile; fileRef = E1EBF4F224E9993300697485 /* AppDelegate.swift */; };
		E1EBF4FA24E9993300697485 /* Main.storyboard in Resources */ = {isa = PBXBuildFile; fileRef = E1EBF4F824E9993300697485 /* Main.storyboard */; };
		E1EBF4FC24E9993500697485 /* Assets.xcassets in Resources */ = {isa = PBXBuildFile; fileRef = E1EBF4FB24E9993500697485 /* Assets.xcassets */; };
		E1EBF4FF24E9993500697485 /* LaunchScreen.storyboard in Resources */ = {isa = PBXBuildFile; fileRef = E1EBF4FD24E9993500697485 /* LaunchScreen.storyboard */; };
		E1EBF50824E99BAB00697485 /* VideoURLStrings.plist in Resources */ = {isa = PBXBuildFile; fileRef = E1EBF50724E99BAB00697485 /* VideoURLStrings.plist */; };
		E1EBF51224E99BBC00697485 /* BaseViewController.swift in Sources */ = {isa = PBXBuildFile; fileRef = E1EBF50924E99BBB00697485 /* BaseViewController.swift */; };
		E1EBF51324E99BBC00697485 /* DownloadViewController.swift in Sources */ = {isa = PBXBuildFile; fileRef = E1EBF50A24E99BBB00697485 /* DownloadViewController.swift */; };
		E1EBF51424E99BBC00697485 /* DownloadTaskCell.xib in Resources */ = {isa = PBXBuildFile; fileRef = E1EBF50B24E99BBB00697485 /* DownloadTaskCell.xib */; };
		E1EBF51524E99BBC00697485 /* ViewController1.swift in Sources */ = {isa = PBXBuildFile; fileRef = E1EBF50C24E99BBB00697485 /* ViewController1.swift */; };
		E1EBF51624E99BBC00697485 /* ListViewCell.swift in Sources */ = {isa = PBXBuildFile; fileRef = E1EBF50D24E99BBB00697485 /* ListViewCell.swift */; };
		E1EBF51724E99BBC00697485 /* DownloadTaskCell.swift in Sources */ = {isa = PBXBuildFile; fileRef = E1EBF50E24E99BBB00697485 /* DownloadTaskCell.swift */; };
		E1EBF51824E99BBC00697485 /* ListViewController.swift in Sources */ = {isa = PBXBuildFile; fileRef = E1EBF50F24E99BBB00697485 /* ListViewController.swift */; };
		E1EBF51924E99BBC00697485 /* ViewController2.swift in Sources */ = {isa = PBXBuildFile; fileRef = E1EBF51024E99BBB00697485 /* ViewController2.swift */; };
		E1EBF51A24E99BBC00697485 /* ViewController3.swift in Sources */ = {isa = PBXBuildFile; fileRef = E1EBF51124E99BBC00697485 /* ViewController3.swift */; };
		E1EBF51D24E99C9900697485 /* Tiercel.framework in Frameworks */ = {isa = PBXBuildFile; fileRef = E1EBF51C24E99C9900697485 /* Tiercel.framework */; };
		E1EBF51E24E99C9900697485 /* Tiercel.framework in Embed Frameworks */ = {isa = PBXBuildFile; fileRef = E1EBF51C24E99C9900697485 /* Tiercel.framework */; settings = {ATTRIBUTES = (CodeSignOnCopy, RemoveHeadersOnCopy, ); }; };
/* End PBXBuildFile section */

/* Begin PBXContainerItemProxy section */
		3DBC88D82E4B63B10066B550 /* PBXContainerItemProxy */ = {
			isa = PBXContainerItemProxy;
			containerPortal = E1EBF4E724E9993300697485 /* Project object */;
			proxyType = 1;
			remoteGlobalIDString = 3DBC88C62E4B63B00066B550;
			remoteInfo = "Tiercel-Mac-Demo";
		};
		3DBC88E22E4B63B10066B550 /* PBXContainerItemProxy */ = {
			isa = PBXContainerItemProxy;
			containerPortal = E1EBF4E724E9993300697485 /* Project object */;
			proxyType = 1;
			remoteGlobalIDString = 3DBC88C62E4B63B00066B550;
			remoteInfo = "Tiercel-Mac-Demo";
		};
/* End PBXContainerItemProxy section */

/* Begin PBXCopyFilesBuildPhase section */
		3DBC88F52E4B680B0066B550 /* Embed Frameworks */ = {
			isa = PBXCopyFilesBuildPhase;
			buildActionMask = 2147483647;
			dstPath = "";
			dstSubfolderSpec = 10;
			files = (
				3DBC88F42E4B680B0066B550 /* Tiercel.framework in Embed Frameworks */,
			);
			name = "Embed Frameworks";
			runOnlyForDeploymentPostprocessing = 0;
		};
		E1EBF51F24E99C9900697485 /* Embed Frameworks */ = {
			isa = PBXCopyFilesBuildPhase;
			buildActionMask = 2147483647;
			dstPath = "";
			dstSubfolderSpec = 10;
			files = (
				E1EBF51E24E99C9900697485 /* Tiercel.framework in Embed Frameworks */,
			);
			name = "Embed Frameworks";
			runOnlyForDeploymentPostprocessing = 0;
		};
/* End PBXCopyFilesBuildPhase section */

/* Begin PBXFileReference section */
		3DBC88C72E4B63B00066B550 /* Tiercel-Mac-Demo.app */ = {isa = PBXFileReference; explicitFileType = wrapper.application; includeInIndex = 0; path = "Tiercel-Mac-Demo.app"; sourceTree = BUILT_PRODUCTS_DIR; };
		3DBC88D72E4B63B10066B550 /* Tiercel-Mac-DemoTests.xctest */ = {isa = PBXFileReference; explicitFileType = wrapper.cfbundle; includeInIndex = 0; path = "Tiercel-Mac-DemoTests.xctest"; sourceTree = BUILT_PRODUCTS_DIR; };
		3DBC88E12E4B63B10066B550 /* Tiercel-Mac-DemoUITests.xctest */ = {isa = PBXFileReference; explicitFileType = wrapper.cfbundle; includeInIndex = 0; path = "Tiercel-Mac-DemoUITests.xctest"; sourceTree = BUILT_PRODUCTS_DIR; };
		3DBC88F22E4B680B0066B550 /* Tiercel.framework */ = {isa = PBXFileReference; explicitFileType = wrapper.framework; path = Tiercel.framework; sourceTree = BUILT_PRODUCTS_DIR; };
		E1EBF4EF24E9993300697485 /* Tiercel-iOS-Demo.app */ = {isa = PBXFileReference; explicitFileType = wrapper.application; includeInIndex = 0; path = "Tiercel-iOS-Demo.app"; sourceTree = BUILT_PRODUCTS_DIR; };
		E1EBF4F224E9993300697485 /* AppDelegate.swift */ = {isa = PBXFileReference; lastKnownFileType = sourcecode.swift; path = AppDelegate.swift; sourceTree = "<group>"; };
		E1EBF4F924E9993300697485 /* Base */ = {isa = PBXFileReference; lastKnownFileType = file.storyboard; name = Base; path = Base.lproj/Main.storyboard; sourceTree = "<group>"; };
		E1EBF4FB24E9993500697485 /* Assets.xcassets */ = {isa = PBXFileReference; lastKnownFileType = folder.assetcatalog; path = Assets.xcassets; sourceTree = "<group>"; };
		E1EBF4FE24E9993500697485 /* Base */ = {isa = PBXFileReference; lastKnownFileType = file.storyboard; name = Base; path = Base.lproj/LaunchScreen.storyboard; sourceTree = "<group>"; };
		E1EBF50024E9993500697485 /* Info.plist */ = {isa = PBXFileReference; lastKnownFileType = text.plist.xml; path = Info.plist; sourceTree = "<group>"; };
		E1EBF50724E99BAB00697485 /* VideoURLStrings.plist */ = {isa = PBXFileReference; fileEncoding = 4; lastKnownFileType = text.plist.xml; path = VideoURLStrings.plist; sourceTree = "<group>"; };
		E1EBF50924E99BBB00697485 /* BaseViewController.swift */ = {isa = PBXFileReference; fileEncoding = 4; lastKnownFileType = sourcecode.swift; path = BaseViewController.swift; sourceTree = "<group>"; };
		E1EBF50A24E99BBB00697485 /* DownloadViewController.swift */ = {isa = PBXFileReference; fileEncoding = 4; lastKnownFileType = sourcecode.swift; path = DownloadViewController.swift; sourceTree = "<group>"; };
		E1EBF50B24E99BBB00697485 /* DownloadTaskCell.xib */ = {isa = PBXFileReference; fileEncoding = 4; lastKnownFileType = file.xib; path = DownloadTaskCell.xib; sourceTree = "<group>"; };
		E1EBF50C24E99BBB00697485 /* ViewController1.swift */ = {isa = PBXFileReference; fileEncoding = 4; lastKnownFileType = sourcecode.swift; path = ViewController1.swift; sourceTree = "<group>"; };
		E1EBF50D24E99BBB00697485 /* ListViewCell.swift */ = {isa = PBXFileReference; fileEncoding = 4; lastKnownFileType = sourcecode.swift; path = ListViewCell.swift; sourceTree = "<group>"; };
		E1EBF50E24E99BBB00697485 /* DownloadTaskCell.swift */ = {isa = PBXFileReference; fileEncoding = 4; lastKnownFileType = sourcecode.swift; path = DownloadTaskCell.swift; sourceTree = "<group>"; };
		E1EBF50F24E99BBB00697485 /* ListViewController.swift */ = {isa = PBXFileReference; fileEncoding = 4; lastKnownFileType = sourcecode.swift; path = ListViewController.swift; sourceTree = "<group>"; };
		E1EBF51024E99BBB00697485 /* ViewController2.swift */ = {isa = PBXFileReference; fileEncoding = 4; lastKnownFileType = sourcecode.swift; path = ViewController2.swift; sourceTree = "<group>"; };
		E1EBF51124E99BBC00697485 /* ViewController3.swift */ = {isa = PBXFileReference; fileEncoding = 4; lastKnownFileType = sourcecode.swift; path = ViewController3.swift; sourceTree = "<group>"; };
		E1EBF51C24E99C9900697485 /* Tiercel.framework */ = {isa = PBXFileReference; explicitFileType = wrapper.framework; path = Tiercel.framework; sourceTree = BUILT_PRODUCTS_DIR; };
/* End PBXFileReference section */

/* Begin PBXFileSystemSynchronizedBuildFileExceptionSet section */
		3DBC88F72E4B70820066B550 /* PBXFileSystemSynchronizedBuildFileExceptionSet */ = {
			isa = PBXFileSystemSynchronizedBuildFileExceptionSet;
			membershipExceptions = (
				Info.plist,
			);
			target = 3DBC88C62E4B63B00066B550 /* Tiercel-Mac-Demo */;
		};
/* End PBXFileSystemSynchronizedBuildFileExceptionSet section */

/* Begin PBXFileSystemSynchronizedRootGroup section */
		3DBC88C82E4B63B00066B550 /* Tiercel-Mac-Demo */ = {isa = PBXFileSystemSynchronizedRootGroup; exceptions = (3DBC88F72E4B70820066B550 /* PBXFileSystemSynchronizedBuildFileExceptionSet */, ); explicitFileTypes = {}; explicitFolders = (); path = "Tiercel-Mac-Demo"; sourceTree = "<group>"; };
		3DBC88DA2E4B63B10066B550 /* Tiercel-Mac-DemoTests */ = {isa = PBXFileSystemSynchronizedRootGroup; explicitFileTypes = {}; explicitFolders = (); path = "Tiercel-Mac-DemoTests"; sourceTree = "<group>"; };
		3DBC88E42E4B63B10066B550 /* Tiercel-Mac-DemoUITests */ = {isa = PBXFileSystemSynchronizedRootGroup; explicitFileTypes = {}; explicitFolders = (); path = "Tiercel-Mac-DemoUITests"; sourceTree = "<group>"; };
/* End PBXFileSystemSynchronizedRootGroup section */

/* Begin PBXFrameworksBuildPhase section */
		3DBC88C42E4B63B00066B550 /* Frameworks */ = {
			isa = PBXFrameworksBuildPhase;
			buildActionMask = 2147483647;
			files = (
				3DBC88F32E4B680B0066B550 /* Tiercel.framework in Frameworks */,
			);
			runOnlyForDeploymentPostprocessing = 0;
		};
		3DBC88D42E4B63B10066B550 /* Frameworks */ = {
			isa = PBXFrameworksBuildPhase;
			buildActionMask = 2147483647;
			files = (
			);
			runOnlyForDeploymentPostprocessing = 0;
		};
		3DBC88DE2E4B63B10066B550 /* Frameworks */ = {
			isa = PBXFrameworksBuildPhase;
			buildActionMask = 2147483647;
			files = (
			);
			runOnlyForDeploymentPostprocessing = 0;
		};
		E1EBF4EC24E9993300697485 /* Frameworks */ = {
			isa = PBXFrameworksBuildPhase;
			buildActionMask = 2147483647;
			files = (
				E1EBF51D24E99C9900697485 /* Tiercel.framework in Frameworks */,
			);
			runOnlyForDeploymentPostprocessing = 0;
		};
/* End PBXFrameworksBuildPhase section */

/* Begin PBXGroup section */
		E1EBF4E624E9993300697485 = {
			isa = PBXGroup;
			children = (
				E1EBF50624E9993C00697485 /* Demo */,
				3DBC88C82E4B63B00066B550 /* Tiercel-Mac-Demo */,
				3DBC88DA2E4B63B10066B550 /* Tiercel-Mac-DemoTests */,
				3DBC88E42E4B63B10066B550 /* Tiercel-Mac-DemoUITests */,
				E1EBF4F024E9993300697485 /* Products */,
				E1EBF51B24E99C9900697485 /* Frameworks */,
			);
			sourceTree = "<group>";
		};
		E1EBF4F024E9993300697485 /* Products */ = {
			isa = PBXGroup;
			children = (
				E1EBF4EF24E9993300697485 /* Tiercel-iOS-Demo.app */,
				3DBC88C72E4B63B00066B550 /* Tiercel-Mac-Demo.app */,
				3DBC88D72E4B63B10066B550 /* Tiercel-Mac-DemoTests.xctest */,
				3DBC88E12E4B63B10066B550 /* Tiercel-Mac-DemoUITests.xctest */,
			);
			name = Products;
			sourceTree = "<group>";
		};
		E1EBF4F124E9993300697485 /* Tiercel-iOS-Demo */ = {
			isa = PBXGroup;
			children = (
				E1EBF4F224E9993300697485 /* AppDelegate.swift */,
				E1EBF50924E99BBB00697485 /* BaseViewController.swift */,
				E1EBF50C24E99BBB00697485 /* ViewController1.swift */,
				E1EBF51024E99BBB00697485 /* ViewController2.swift */,
				E1EBF51124E99BBC00697485 /* ViewController3.swift */,
				E1EBF50F24E99BBB00697485 /* ListViewController.swift */,
				E1EBF50D24E99BBB00697485 /* ListViewCell.swift */,
				E1EBF50A24E99BBB00697485 /* DownloadViewController.swift */,
				E1EBF50E24E99BBB00697485 /* DownloadTaskCell.swift */,
				E1EBF50B24E99BBB00697485 /* DownloadTaskCell.xib */,
				E1EBF4F824E9993300697485 /* Main.storyboard */,
				E1EBF4FB24E9993500697485 /* Assets.xcassets */,
				E1EBF4FD24E9993500697485 /* LaunchScreen.storyboard */,
				E1EBF50024E9993500697485 /* Info.plist */,
				E1EBF50724E99BAB00697485 /* VideoURLStrings.plist */,
			);
			path = "Tiercel-iOS-Demo";
			sourceTree = "<group>";
		};
		E1EBF50624E9993C00697485 /* Demo */ = {
			isa = PBXGroup;
			children = (
				E1EBF4F124E9993300697485 /* Tiercel-iOS-Demo */,
			);
			path = Demo;
			sourceTree = "<group>";
		};
		E1EBF51B24E99C9900697485 /* Frameworks */ = {
			isa = PBXGroup;
			children = (
				3DBC88F22E4B680B0066B550 /* Tiercel.framework */,
				E1EBF51C24E99C9900697485 /* Tiercel.framework */,
			);
			name = Frameworks;
			sourceTree = "<group>";
		};
/* End PBXGroup section */

/* Begin PBXNativeTarget section */
		3DBC88C62E4B63B00066B550 /* Tiercel-Mac-Demo */ = {
			isa = PBXNativeTarget;
			buildConfigurationList = 3DBC88EF2E4B63B10066B550 /* Build configuration list for PBXNativeTarget "Tiercel-Mac-Demo" */;
			buildPhases = (
				3DBC88C32E4B63B00066B550 /* Sources */,
				3DBC88C42E4B63B00066B550 /* Frameworks */,
				3DBC88C52E4B63B00066B550 /* Resources */,
				3DBC88F52E4B680B0066B550 /* Embed Frameworks */,
			);
			buildRules = (
			);
			dependencies = (
			);
			fileSystemSynchronizedGroups = (
				3DBC88C82E4B63B00066B550 /* Tiercel-Mac-Demo */,
			);
			name = "Tiercel-Mac-Demo";
			packageProductDependencies = (
			);
			productName = "Tiercel-Mac-Demo";
			productReference = 3DBC88C72E4B63B00066B550 /* Tiercel-Mac-Demo.app */;
			productType = "com.apple.product-type.application";
		};
		3DBC88D62E4B63B10066B550 /* Tiercel-Mac-DemoTests */ = {
			isa = PBXNativeTarget;
			buildConfigurationList = 3DBC88F02E4B63B10066B550 /* Build configuration list for PBXNativeTarget "Tiercel-Mac-DemoTests" */;
			buildPhases = (
				3DBC88D32E4B63B10066B550 /* Sources */,
				3DBC88D42E4B63B10066B550 /* Frameworks */,
				3DBC88D52E4B63B10066B550 /* Resources */,
			);
			buildRules = (
			);
			dependencies = (
				3DBC88D92E4B63B10066B550 /* PBXTargetDependency */,
			);
			fileSystemSynchronizedGroups = (
				3DBC88DA2E4B63B10066B550 /* Tiercel-Mac-DemoTests */,
			);
			name = "Tiercel-Mac-DemoTests";
			packageProductDependencies = (
			);
			productName = "Tiercel-Mac-DemoTests";
			productReference = 3DBC88D72E4B63B10066B550 /* Tiercel-Mac-DemoTests.xctest */;
			productType = "com.apple.product-type.bundle.unit-test";
		};
		3DBC88E02E4B63B10066B550 /* Tiercel-Mac-DemoUITests */ = {
			isa = PBXNativeTarget;
			buildConfigurationList = 3DBC88F12E4B63B10066B550 /* Build configuration list for PBXNativeTarget "Tiercel-Mac-DemoUITests" */;
			buildPhases = (
				3DBC88DD2E4B63B10066B550 /* Sources */,
				3DBC88DE2E4B63B10066B550 /* Frameworks */,
				3DBC88DF2E4B63B10066B550 /* Resources */,
			);
			buildRules = (
			);
			dependencies = (
				3DBC88E32E4B63B10066B550 /* PBXTargetDependency */,
			);
			fileSystemSynchronizedGroups = (
				3DBC88E42E4B63B10066B550 /* Tiercel-Mac-DemoUITests */,
			);
			name = "Tiercel-Mac-DemoUITests";
			packageProductDependencies = (
			);
			productName = "Tiercel-Mac-DemoUITests";
			productReference = 3DBC88E12E4B63B10066B550 /* Tiercel-Mac-DemoUITests.xctest */;
			productType = "com.apple.product-type.bundle.ui-testing";
		};
		E1EBF4EE24E9993300697485 /* Tiercel-iOS-Demo */ = {
			isa = PBXNativeTarget;
			buildConfigurationList = E1EBF50324E9993500697485 /* Build configuration list for PBXNativeTarget "Tiercel-iOS-Demo" */;
			buildPhases = (
				E1EBF4EB24E9993300697485 /* Sources */,
				E1EBF4EC24E9993300697485 /* Frameworks */,
				E1EBF4ED24E9993300697485 /* Resources */,
				E1EBF51F24E99C9900697485 /* Embed Frameworks */,
			);
			buildRules = (
			);
			dependencies = (
			);
			name = "Tiercel-iOS-Demo";
			productName = "Tiercel-Demo";
			productReference = E1EBF4EF24E9993300697485 /* Tiercel-iOS-Demo.app */;
			productType = "com.apple.product-type.application";
		};
/* End PBXNativeTarget section */

/* Begin PBXProject section */
		E1EBF4E724E9993300697485 /* Project object */ = {
			isa = PBXProject;
			attributes = {
				LastSwiftUpdateCheck = 1640;
				LastUpgradeCheck = 1160;
				ORGANIZATIONNAME = Daniels;
				TargetAttributes = {
					3DBC88C62E4B63B00066B550 = {
						CreatedOnToolsVersion = 16.4;
					};
					3DBC88D62E4B63B10066B550 = {
						CreatedOnToolsVersion = 16.4;
						TestTargetID = 3DBC88C62E4B63B00066B550;
					};
					3DBC88E02E4B63B10066B550 = {
						CreatedOnToolsVersion = 16.4;
						TestTargetID = 3DBC88C62E4B63B00066B550;
					};
					E1EBF4EE24E9993300697485 = {
						CreatedOnToolsVersion = 11.6;
					};
				};
			};
			buildConfigurationList = E1EBF4EA24E9993300697485 /* Build configuration list for PBXProject "Tiercel-Demo" */;
			compatibilityVersion = "Xcode 9.3";
			developmentRegion = en;
			hasScannedForEncodings = 0;
			knownRegions = (
				en,
				Base,
			);
			mainGroup = E1EBF4E624E9993300697485;
			productRefGroup = E1EBF4F024E9993300697485 /* Products */;
			projectDirPath = "";
			projectRoot = "";
			targets = (
				E1EBF4EE24E9993300697485 /* Tiercel-iOS-Demo */,
				3DBC88C62E4B63B00066B550 /* Tiercel-Mac-Demo */,
				3DBC88D62E4B63B10066B550 /* Tiercel-Mac-DemoTests */,
				3DBC88E02E4B63B10066B550 /* Tiercel-Mac-DemoUITests */,
			);
		};
/* End PBXProject section */

/* Begin PBXResourcesBuildPhase section */
		3DBC88C52E4B63B00066B550 /* Resources */ = {
			isa = PBXResourcesBuildPhase;
			buildActionMask = 2147483647;
			files = (
			);
			runOnlyForDeploymentPostprocessing = 0;
		};
		3DBC88D52E4B63B10066B550 /* Resources */ = {
			isa = PBXResourcesBuildPhase;
			buildActionMask = 2147483647;
			files = (
			);
			runOnlyForDeploymentPostprocessing = 0;
		};
		3DBC88DF2E4B63B10066B550 /* Resources */ = {
			isa = PBXResourcesBuildPhase;
			buildActionMask = 2147483647;
			files = (
			);
			runOnlyForDeploymentPostprocessing = 0;
		};
		E1EBF4ED24E9993300697485 /* Resources */ = {
			isa = PBXResourcesBuildPhase;
			buildActionMask = 2147483647;
			files = (
				E1EBF51424E99BBC00697485 /* DownloadTaskCell.xib in Resources */,
				E1EBF4FF24E9993500697485 /* LaunchScreen.storyboard in Resources */,
				E1EBF4FC24E9993500697485 /* Assets.xcassets in Resources */,
				E1EBF4FA24E9993300697485 /* Main.storyboard in Resources */,
				E1EBF50824E99BAB00697485 /* VideoURLStrings.plist in Resources */,
			);
			runOnlyForDeploymentPostprocessing = 0;
		};
/* End PBXResourcesBuildPhase section */

/* Begin PBXSourcesBuildPhase section */
		3DBC88C32E4B63B00066B550 /* Sources */ = {
			isa = PBXSourcesBuildPhase;
			buildActionMask = 2147483647;
			files = (
			);
			runOnlyForDeploymentPostprocessing = 0;
		};
		3DBC88D32E4B63B10066B550 /* Sources */ = {
			isa = PBXSourcesBuildPhase;
			buildActionMask = 2147483647;
			files = (
			);
			runOnlyForDeploymentPostprocessing = 0;
		};
		3DBC88DD2E4B63B10066B550 /* Sources */ = {
			isa = PBXSourcesBuildPhase;
			buildActionMask = 2147483647;
			files = (
			);
			runOnlyForDeploymentPostprocessing = 0;
		};
		E1EBF4EB24E9993300697485 /* Sources */ = {
			isa = PBXSourcesBuildPhase;
			buildActionMask = 2147483647;
			files = (
				E1EBF51524E99BBC00697485 /* ViewController1.swift in Sources */,
				E1EBF51924E99BBC00697485 /* ViewController2.swift in Sources */,
				E1EBF51A24E99BBC00697485 /* ViewController3.swift in Sources */,
				E1EBF4F324E9993300697485 /* AppDelegate.swift in Sources */,
				E1EBF51724E99BBC00697485 /* DownloadTaskCell.swift in Sources */,
				E1EBF51624E99BBC00697485 /* ListViewCell.swift in Sources */,
				E1EBF51324E99BBC00697485 /* DownloadViewController.swift in Sources */,
				E1EBF51224E99BBC00697485 /* BaseViewController.swift in Sources */,
				E1EBF51824E99BBC00697485 /* ListViewController.swift in Sources */,
			);
			runOnlyForDeploymentPostprocessing = 0;
		};
/* End PBXSourcesBuildPhase section */

/* Begin PBXTargetDependency section */
		3DBC88D92E4B63B10066B550 /* PBXTargetDependency */ = {
			isa = PBXTargetDependency;
			target = 3DBC88C62E4B63B00066B550 /* Tiercel-Mac-Demo */;
			targetProxy = 3DBC88D82E4B63B10066B550 /* PBXContainerItemProxy */;
		};
		3DBC88E32E4B63B10066B550 /* PBXTargetDependency */ = {
			isa = PBXTargetDependency;
			target = 3DBC88C62E4B63B00066B550 /* Tiercel-Mac-Demo */;
			targetProxy = 3DBC88E22E4B63B10066B550 /* PBXContainerItemProxy */;
		};
/* End PBXTargetDependency section */

/* Begin PBXVariantGroup section */
		E1EBF4F824E9993300697485 /* Main.storyboard */ = {
			isa = PBXVariantGroup;
			children = (
				E1EBF4F924E9993300697485 /* Base */,
			);
			name = Main.storyboard;
			sourceTree = "<group>";
		};
		E1EBF4FD24E9993500697485 /* LaunchScreen.storyboard */ = {
			isa = PBXVariantGroup;
			children = (
				E1EBF4FE24E9993500697485 /* Base */,
			);
			name = LaunchScreen.storyboard;
			sourceTree = "<group>";
		};
/* End PBXVariantGroup section */

/* Begin XCBuildConfiguration section */
		3DBC88E92E4B63B10066B550 /* Debug */ = {
			isa = XCBuildConfiguration;
			buildSettings = {
				ASSETCATALOG_COMPILER_APPICON_NAME = AppIcon;
				ASSETCATALOG_COMPILER_GENERATE_SWIFT_ASSET_SYMBOL_EXTENSIONS = YES;
				ASSETCATALOG_COMPILER_GLOBAL_ACCENT_COLOR_NAME = AccentColor;
				CLANG_CXX_LANGUAGE_STANDARD = "gnu++20";
				CLANG_WARN_QUOTED_INCLUDE_IN_FRAMEWORK_HEADER = YES;
				CODE_SIGN_ENTITLEMENTS = "Tiercel-Mac-Demo/Tiercel_Mac_Demo.entitlements";
				CODE_SIGN_STYLE = Automatic;
				COMBINE_HIDPI_IMAGES = YES;
				CURRENT_PROJECT_VERSION = 1;
				DEVELOPMENT_TEAM = 266GUV99GN;
				ENABLE_HARDENED_RUNTIME = YES;
				ENABLE_USER_SCRIPT_SANDBOXING = YES;
				GCC_C_LANGUAGE_STANDARD = gnu17;
				GENERATE_INFOPLIST_FILE = YES;
				INFOPLIST_FILE = "Tiercel-Mac-Demo/Info.plist";
				INFOPLIST_KEY_CFBundleDisplayName = "";
				INFOPLIST_KEY_LSApplicationCategoryType = "";
				INFOPLIST_KEY_NSHumanReadableCopyright = "Copyright © 2025 Daniels. All rights reserved.";
				INFOPLIST_KEY_NSMainStoryboardFile = Main;
				INFOPLIST_KEY_NSPrincipalClass = NSApplication;
				LD_RUNPATH_SEARCH_PATHS = (
					"$(inherited)",
					"@executable_path/../Frameworks",
				);
				LOCALIZATION_PREFERS_STRING_CATALOGS = YES;
				MACOSX_DEPLOYMENT_TARGET = 15.5;
				MARKETING_VERSION = 1.0;
				PRODUCT_BUNDLE_IDENTIFIER = "com.self.learn.Tiercel-Mac-Demo";
				PRODUCT_NAME = "$(TARGET_NAME)";
				REGISTER_APP_GROUPS = YES;
				SDKROOT = macosx;
				SWIFT_ACTIVE_COMPILATION_CONDITIONS = "DEBUG $(inherited)";
				SWIFT_EMIT_LOC_STRINGS = YES;
				SWIFT_VERSION = 5.0;
			};
			name = Debug;
		};
		3DBC88EA2E4B63B10066B550 /* Release */ = {
			isa = XCBuildConfiguration;
			buildSettings = {
				ASSETCATALOG_COMPILER_APPICON_NAME = AppIcon;
				ASSETCATALOG_COMPILER_GENERATE_SWIFT_ASSET_SYMBOL_EXTENSIONS = YES;
				ASSETCATALOG_COMPILER_GLOBAL_ACCENT_COLOR_NAME = AccentColor;
				CLANG_CXX_LANGUAGE_STANDARD = "gnu++20";
				CLANG_WARN_QUOTED_INCLUDE_IN_FRAMEWORK_HEADER = YES;
				CODE_SIGN_ENTITLEMENTS = "Tiercel-Mac-Demo/Tiercel_Mac_Demo.entitlements";
				CODE_SIGN_STYLE = Automatic;
				COMBINE_HIDPI_IMAGES = YES;
				CURRENT_PROJECT_VERSION = 1;
				DEVELOPMENT_TEAM = 266GUV99GN;
				ENABLE_HARDENED_RUNTIME = YES;
				ENABLE_USER_SCRIPT_SANDBOXING = YES;
				GCC_C_LANGUAGE_STANDARD = gnu17;
				GENERATE_INFOPLIST_FILE = YES;
				INFOPLIST_FILE = "Tiercel-Mac-Demo/Info.plist";
				INFOPLIST_KEY_CFBundleDisplayName = "";
				INFOPLIST_KEY_LSApplicationCategoryType = "";
				INFOPLIST_KEY_NSHumanReadableCopyright = "Copyright © 2025 Daniels. All rights reserved.";
				INFOPLIST_KEY_NSMainStoryboardFile = Main;
				INFOPLIST_KEY_NSPrincipalClass = NSApplication;
				LD_RUNPATH_SEARCH_PATHS = (
					"$(inherited)",
					"@executable_path/../Frameworks",
				);
				LOCALIZATION_PREFERS_STRING_CATALOGS = YES;
				MACOSX_DEPLOYMENT_TARGET = 15.5;
				MARKETING_VERSION = 1.0;
				PRODUCT_BUNDLE_IDENTIFIER = "com.self.learn.Tiercel-Mac-Demo";
				PRODUCT_NAME = "$(TARGET_NAME)";
				REGISTER_APP_GROUPS = YES;
				SDKROOT = macosx;
				SWIFT_EMIT_LOC_STRINGS = YES;
				SWIFT_VERSION = 5.0;
			};
			name = Release;
		};
		3DBC88EB2E4B63B10066B550 /* Debug */ = {
			isa = XCBuildConfiguration;
			buildSettings = {
				ASSETCATALOG_COMPILER_GENERATE_SWIFT_ASSET_SYMBOL_EXTENSIONS = YES;
				BUNDLE_LOADER = "$(TEST_HOST)";
				CLANG_CXX_LANGUAGE_STANDARD = "gnu++20";
				CLANG_WARN_QUOTED_INCLUDE_IN_FRAMEWORK_HEADER = YES;
				CODE_SIGN_STYLE = Automatic;
				CURRENT_PROJECT_VERSION = 1;
				DEVELOPMENT_TEAM = L6MQVKQMV5;
				ENABLE_USER_SCRIPT_SANDBOXING = YES;
				GCC_C_LANGUAGE_STANDARD = gnu17;
				GENERATE_INFOPLIST_FILE = YES;
				LOCALIZATION_PREFERS_STRING_CATALOGS = YES;
				MACOSX_DEPLOYMENT_TARGET = 15.5;
				MARKETING_VERSION = 1.0;
				PRODUCT_BUNDLE_IDENTIFIER = "com.self.learn.Tiercel-Mac-DemoTests";
				PRODUCT_NAME = "$(TARGET_NAME)";
				SDKROOT = macosx;
				SWIFT_ACTIVE_COMPILATION_CONDITIONS = "DEBUG $(inherited)";
				SWIFT_EMIT_LOC_STRINGS = NO;
				SWIFT_VERSION = 5.0;
				TEST_HOST = "$(BUILT_PRODUCTS_DIR)/Tiercel-Mac-Demo.app/$(BUNDLE_EXECUTABLE_FOLDER_PATH)/Tiercel-Mac-Demo";
			};
			name = Debug;
		};
		3DBC88EC2E4B63B10066B550 /* Release */ = {
			isa = XCBuildConfiguration;
			buildSettings = {
				ASSETCATALOG_COMPILER_GENERATE_SWIFT_ASSET_SYMBOL_EXTENSIONS = YES;
				BUNDLE_LOADER = "$(TEST_HOST)";
				CLANG_CXX_LANGUAGE_STANDARD = "gnu++20";
				CLANG_WARN_QUOTED_INCLUDE_IN_FRAMEWORK_HEADER = YES;
				CODE_SIGN_STYLE = Automatic;
				CURRENT_PROJECT_VERSION = 1;
				DEVELOPMENT_TEAM = L6MQVKQMV5;
				ENABLE_USER_SCRIPT_SANDBOXING = YES;
				GCC_C_LANGUAGE_STANDARD = gnu17;
				GENERATE_INFOPLIST_FILE = YES;
				LOCALIZATION_PREFERS_STRING_CATALOGS = YES;
				MACOSX_DEPLOYMENT_TARGET = 15.5;
				MARKETING_VERSION = 1.0;
				PRODUCT_BUNDLE_IDENTIFIER = "com.self.learn.Tiercel-Mac-DemoTests";
				PRODUCT_NAME = "$(TARGET_NAME)";
				SDKROOT = macosx;
				SWIFT_EMIT_LOC_STRINGS = NO;
				SWIFT_VERSION = 5.0;
				TEST_HOST = "$(BUILT_PRODUCTS_DIR)/Tiercel-Mac-Demo.app/$(BUNDLE_EXECUTABLE_FOLDER_PATH)/Tiercel-Mac-Demo";
			};
			name = Release;
		};
		3DBC88ED2E4B63B10066B550 /* Debug */ = {
			isa = XCBuildConfiguration;
			buildSettings = {
				ASSETCATALOG_COMPILER_GENERATE_SWIFT_ASSET_SYMBOL_EXTENSIONS = YES;
				CLANG_CXX_LANGUAGE_STANDARD = "gnu++20";
				CLANG_WARN_QUOTED_INCLUDE_IN_FRAMEWORK_HEADER = YES;
				CODE_SIGN_STYLE = Automatic;
				CURRENT_PROJECT_VERSION = 1;
				DEVELOPMENT_TEAM = L6MQVKQMV5;
				ENABLE_USER_SCRIPT_SANDBOXING = YES;
				GCC_C_LANGUAGE_STANDARD = gnu17;
				GENERATE_INFOPLIST_FILE = YES;
				LOCALIZATION_PREFERS_STRING_CATALOGS = YES;
				MACOSX_DEPLOYMENT_TARGET = 15.5;
				MARKETING_VERSION = 1.0;
				PRODUCT_BUNDLE_IDENTIFIER = "com.self.learn.Tiercel-Mac-DemoUITests";
				PRODUCT_NAME = "$(TARGET_NAME)";
				SDKROOT = macosx;
				SWIFT_ACTIVE_COMPILATION_CONDITIONS = "DEBUG $(inherited)";
				SWIFT_EMIT_LOC_STRINGS = NO;
				SWIFT_VERSION = 5.0;
				TEST_TARGET_NAME = "Tiercel-Mac-Demo";
			};
			name = Debug;
		};
		3DBC88EE2E4B63B10066B550 /* Release */ = {
			isa = XCBuildConfiguration;
			buildSettings = {
				ASSETCATALOG_COMPILER_GENERATE_SWIFT_ASSET_SYMBOL_EXTENSIONS = YES;
				CLANG_CXX_LANGUAGE_STANDARD = "gnu++20";
				CLANG_WARN_QUOTED_INCLUDE_IN_FRAMEWORK_HEADER = YES;
				CODE_SIGN_STYLE = Automatic;
				CURRENT_PROJECT_VERSION = 1;
				DEVELOPMENT_TEAM = L6MQVKQMV5;
				ENABLE_USER_SCRIPT_SANDBOXING = YES;
				GCC_C_LANGUAGE_STANDARD = gnu17;
				GENERATE_INFOPLIST_FILE = YES;
				LOCALIZATION_PREFERS_STRING_CATALOGS = YES;
				MACOSX_DEPLOYMENT_TARGET = 15.5;
				MARKETING_VERSION = 1.0;
				PRODUCT_BUNDLE_IDENTIFIER = "com.self.learn.Tiercel-Mac-DemoUITests";
				PRODUCT_NAME = "$(TARGET_NAME)";
				SDKROOT = macosx;
				SWIFT_EMIT_LOC_STRINGS = NO;
				SWIFT_VERSION = 5.0;
				TEST_TARGET_NAME = "Tiercel-Mac-Demo";
			};
			name = Release;
		};
		E1EBF50124E9993500697485 /* Debug */ = {
			isa = XCBuildConfiguration;
			buildSettings = {
				ALWAYS_SEARCH_USER_PATHS = NO;
				CLANG_ANALYZER_NONNULL = YES;
				CLANG_ANALYZER_NUMBER_OBJECT_CONVERSION = YES_AGGRESSIVE;
				CLANG_CXX_LANGUAGE_STANDARD = "gnu++14";
				CLANG_CXX_LIBRARY = "libc++";
				CLANG_ENABLE_MODULES = YES;
				CLANG_ENABLE_OBJC_ARC = YES;
				CLANG_ENABLE_OBJC_WEAK = YES;
				CLANG_WARN_BLOCK_CAPTURE_AUTORELEASING = YES;
				CLANG_WARN_BOOL_CONVERSION = YES;
				CLANG_WARN_COMMA = YES;
				CLANG_WARN_CONSTANT_CONVERSION = YES;
				CLANG_WARN_DEPRECATED_OBJC_IMPLEMENTATIONS = YES;
				CLANG_WARN_DIRECT_OBJC_ISA_USAGE = YES_ERROR;
				CLANG_WARN_DOCUMENTATION_COMMENTS = YES;
				CLANG_WARN_EMPTY_BODY = YES;
				CLANG_WARN_ENUM_CONVERSION = YES;
				CLANG_WARN_INFINITE_RECURSION = YES;
				CLANG_WARN_INT_CONVERSION = YES;
				CLANG_WARN_NON_LITERAL_NULL_CONVERSION = YES;
				CLANG_WARN_OBJC_IMPLICIT_RETAIN_SELF = YES;
				CLANG_WARN_OBJC_LITERAL_CONVERSION = YES;
				CLANG_WARN_OBJC_ROOT_CLASS = YES_ERROR;
				CLANG_WARN_RANGE_LOOP_ANALYSIS = YES;
				CLANG_WARN_STRICT_PROTOTYPES = YES;
				CLANG_WARN_SUSPICIOUS_MOVE = YES;
				CLANG_WARN_UNGUARDED_AVAILABILITY = YES_AGGRESSIVE;
				CLANG_WARN_UNREACHABLE_CODE = YES;
				CLANG_WARN__DUPLICATE_METHOD_MATCH = YES;
				COPY_PHASE_STRIP = NO;
				DEBUG_INFORMATION_FORMAT = dwarf;
				ENABLE_STRICT_OBJC_MSGSEND = YES;
				ENABLE_TESTABILITY = YES;
				GCC_C_LANGUAGE_STANDARD = gnu11;
				GCC_DYNAMIC_NO_PIC = NO;
				GCC_NO_COMMON_BLOCKS = YES;
				GCC_OPTIMIZATION_LEVEL = 0;
				GCC_PREPROCESSOR_DEFINITIONS = (
					"DEBUG=1",
					"$(inherited)",
				);
				GCC_WARN_64_TO_32_BIT_CONVERSION = YES;
				GCC_WARN_ABOUT_RETURN_TYPE = YES_ERROR;
				GCC_WARN_UNDECLARED_SELECTOR = YES;
				GCC_WARN_UNINITIALIZED_AUTOS = YES_AGGRESSIVE;
				GCC_WARN_UNUSED_FUNCTION = YES;
				GCC_WARN_UNUSED_VARIABLE = YES;
				IPHONEOS_DEPLOYMENT_TARGET = 13.6;
				MTL_ENABLE_DEBUG_INFO = INCLUDE_SOURCE;
				MTL_FAST_MATH = YES;
				ONLY_ACTIVE_ARCH = YES;
				SDKROOT = iphoneos;
				SWIFT_ACTIVE_COMPILATION_CONDITIONS = DEBUG;
				SWIFT_OPTIMIZATION_LEVEL = "-Onone";
			};
			name = Debug;
		};
		E1EBF50224E9993500697485 /* Release */ = {
			isa = XCBuildConfiguration;
			buildSettings = {
				ALWAYS_SEARCH_USER_PATHS = NO;
				CLANG_ANALYZER_NONNULL = YES;
				CLANG_ANALYZER_NUMBER_OBJECT_CONVERSION = YES_AGGRESSIVE;
				CLANG_CXX_LANGUAGE_STANDARD = "gnu++14";
				CLANG_CXX_LIBRARY = "libc++";
				CLANG_ENABLE_MODULES = YES;
				CLANG_ENABLE_OBJC_ARC = YES;
				CLANG_ENABLE_OBJC_WEAK = YES;
				CLANG_WARN_BLOCK_CAPTURE_AUTORELEASING = YES;
				CLANG_WARN_BOOL_CONVERSION = YES;
				CLANG_WARN_COMMA = YES;
				CLANG_WARN_CONSTANT_CONVERSION = YES;
				CLANG_WARN_DEPRECATED_OBJC_IMPLEMENTATIONS = YES;
				CLANG_WARN_DIRECT_OBJC_ISA_USAGE = YES_ERROR;
				CLANG_WARN_DOCUMENTATION_COMMENTS = YES;
				CLANG_WARN_EMPTY_BODY = YES;
				CLANG_WARN_ENUM_CONVERSION = YES;
				CLANG_WARN_INFINITE_RECURSION = YES;
				CLANG_WARN_INT_CONVERSION = YES;
				CLANG_WARN_NON_LITERAL_NULL_CONVERSION = YES;
				CLANG_WARN_OBJC_IMPLICIT_RETAIN_SELF = YES;
				CLANG_WARN_OBJC_LITERAL_CONVERSION = YES;
				CLANG_WARN_OBJC_ROOT_CLASS = YES_ERROR;
				CLANG_WARN_RANGE_LOOP_ANALYSIS = YES;
				CLANG_WARN_STRICT_PROTOTYPES = YES;
				CLANG_WARN_SUSPICIOUS_MOVE = YES;
				CLANG_WARN_UNGUARDED_AVAILABILITY = YES_AGGRESSIVE;
				CLANG_WARN_UNREACHABLE_CODE = YES;
				CLANG_WARN__DUPLICATE_METHOD_MATCH = YES;
				COPY_PHASE_STRIP = NO;
				DEBUG_INFORMATION_FORMAT = "dwarf-with-dsym";
				ENABLE_NS_ASSERTIONS = NO;
				ENABLE_STRICT_OBJC_MSGSEND = YES;
				GCC_C_LANGUAGE_STANDARD = gnu11;
				GCC_NO_COMMON_BLOCKS = YES;
				GCC_WARN_64_TO_32_BIT_CONVERSION = YES;
				GCC_WARN_ABOUT_RETURN_TYPE = YES_ERROR;
				GCC_WARN_UNDECLARED_SELECTOR = YES;
				GCC_WARN_UNINITIALIZED_AUTOS = YES_AGGRESSIVE;
				GCC_WARN_UNUSED_FUNCTION = YES;
				GCC_WARN_UNUSED_VARIABLE = YES;
				IPHONEOS_DEPLOYMENT_TARGET = 13.6;
				MTL_ENABLE_DEBUG_INFO = NO;
				MTL_FAST_MATH = YES;
				SDKROOT = iphoneos;
				SWIFT_COMPILATION_MODE = wholemodule;
				SWIFT_OPTIMIZATION_LEVEL = "-O";
				VALIDATE_PRODUCT = YES;
			};
			name = Release;
		};
		E1EBF50424E9993500697485 /* Debug */ = {
			isa = XCBuildConfiguration;
			buildSettings = {
				ASSETCATALOG_COMPILER_APPICON_NAME = AppIcon;
				CODE_SIGN_STYLE = Automatic;
				DEVELOPMENT_TEAM = Y3437T5EGX;
				INFOPLIST_FILE = "$(SRCROOT)/Demo/Tiercel-iOS-Demo/Info.plist";
				IPHONEOS_DEPLOYMENT_TARGET = 12.0;
				LD_RUNPATH_SEARCH_PATHS = (
					"$(inherited)",
					"@executable_path/Frameworks",
				);
				PRODUCT_BUNDLE_IDENTIFIER = "com.Daniels.Tiercel-iOS-Demo";
				PRODUCT_NAME = "Tiercel-iOS-Demo";
				SWIFT_VERSION = 5.0;
				TARGETED_DEVICE_FAMILY = "1,2";
			};
			name = Debug;
		};
		E1EBF50524E9993500697485 /* Release */ = {
			isa = XCBuildConfiguration;
			buildSettings = {
				ASSETCATALOG_COMPILER_APPICON_NAME = AppIcon;
				CODE_SIGN_STYLE = Automatic;
				DEVELOPMENT_TEAM = Y3437T5EGX;
				INFOPLIST_FILE = "$(SRCROOT)/Demo/Tiercel-iOS-Demo/Info.plist";
				IPHONEOS_DEPLOYMENT_TARGET = 12.0;
				LD_RUNPATH_SEARCH_PATHS = (
					"$(inherited)",
					"@executable_path/Frameworks",
				);
				PRODUCT_BUNDLE_IDENTIFIER = "com.Daniels.Tiercel-iOS-Demo";
				PRODUCT_NAME = "Tiercel-iOS-Demo";
				SWIFT_VERSION = 5.0;
				TARGETED_DEVICE_FAMILY = "1,2";
			};
			name = Release;
		};
/* End XCBuildConfiguration section */

/* Begin XCConfigurationList section */
		3DBC88EF2E4B63B10066B550 /* Build configuration list for PBXNativeTarget "Tiercel-Mac-Demo" */ = {
			isa = XCConfigurationList;
			buildConfigurations = (
				3DBC88E92E4B63B10066B550 /* Debug */,
				3DBC88EA2E4B63B10066B550 /* Release */,
			);
			defaultConfigurationIsVisible = 0;
			defaultConfigurationName = Release;
		};
		3DBC88F02E4B63B10066B550 /* Build configuration list for PBXNativeTarget "Tiercel-Mac-DemoTests" */ = {
			isa = XCConfigurationList;
			buildConfigurations = (
				3DBC88EB2E4B63B10066B550 /* Debug */,
				3DBC88EC2E4B63B10066B550 /* Release */,
			);
			defaultConfigurationIsVisible = 0;
			defaultConfigurationName = Release;
		};
		3DBC88F12E4B63B10066B550 /* Build configuration list for PBXNativeTarget "Tiercel-Mac-DemoUITests" */ = {
			isa = XCConfigurationList;
			buildConfigurations = (
				3DBC88ED2E4B63B10066B550 /* Debug */,
				3DBC88EE2E4B63B10066B550 /* Release */,
			);
			defaultConfigurationIsVisible = 0;
			defaultConfigurationName = Release;
		};
		E1EBF4EA24E9993300697485 /* Build configuration list for PBXProject "Tiercel-Demo" */ = {
			isa = XCConfigurationList;
			buildConfigurations = (
				E1EBF50124E9993500697485 /* Debug */,
				E1EBF50224E9993500697485 /* Release */,
			);
			defaultConfigurationIsVisible = 0;
			defaultConfigurationName = Release;
		};
		E1EBF50324E9993500697485 /* Build configuration list for PBXNativeTarget "Tiercel-iOS-Demo" */ = {
			isa = XCConfigurationList;
			buildConfigurations = (
				E1EBF50424E9993500697485 /* Debug */,
				E1EBF50524E9993500697485 /* Release */,
			);
			defaultConfigurationIsVisible = 0;
			defaultConfigurationName = Release;
		};
/* End XCConfigurationList section */
	};
	rootObject = E1EBF4E724E9993300697485 /* Project object */;
}
